{
  "nodes": {
    "acp": {
      "flake": false,
      "locked": {
        "lastModified": 1783583962,
        "narHash": "sha256-md6gjgwyNnWQF6I3b96TQWgw10ReCB0UbiyxgnUQDlI=",
        "owner": "xenodium",
        "repo": "acp.el",
        "rev": "5140f4121156707245567b8fc3072d4c3b5c867f",
        "type": "github"
      },
      "original": {
        "owner": "xenodium",
        "repo": "acp.el",
        "type": "github"
      }
    },
    "age": {
      "flake": false,
      "locked": {
        "lastModified": 1754501019,
        "narHash": "sha256-cO3GpmI71XaA/l3e6wZjZvnzdGWhIXucY+pJGVWaLic=",
        "owner": "anticomputer",
        "repo": "age.el",
        "rev": "e99165ef5274bc4512b8d77ba2ac208c59b5d456",
        "type": "github"
      },
      "original": {
        "owner": "anticomputer",
        "repo": "age.el",
        "type": "github"
      }
    },
    "agent-shell": {
      "flake": false,
      "locked": {
        "lastModified": 1784026466,
        "narHash": "sha256-lwwyCnqcwCnk2nAfR9NXucOyoBwl+0R9JyQlw6dNKa0=",
        "owner": "xenodium",
        "repo": "agent-shell",
        "rev": "10b668816d62c8debfe6e7fad36f85f211771edf",
        "type": "github"
      },
      "original": {
        "owner": "xenodium",
        "repo": "agent-shell",
        "type": "github"
      }
    },
    "agent-shell-tramp": {
      "flake": false,
      "locked": {
        "lastModified": 1783182127,
        "narHash": "sha256-J4TBVkhlaso+TQvFLBwnWqGu5q2eCW8978mYuD1BbqM=",
        "owner": "junyi-hou",
        "repo": "agent-shell-tramp",
        "rev": "14560d42440c17d9b59fc18d304687641ddf06e5",
        "type": "github"
      },
      "original": {
        "owner": "junyi-hou",
        "repo": "agent-shell-tramp",
        "type": "github"
      }
    },
    "agent-skills": {
      "inputs": {
        "home-manager": [
          "home-manager"
        ],
        "nixpkgs": [
          "nixpkgs"
        ]
      },
      "locked": {
        "lastModified": 1783839654,
        "narHash": "sha256-rn5DkeQ9PBaJTZl9juBtPnVawyN4B83tyz1VpiinQFo=",
        "owner": "Kyure-A",
        "repo": "agent-skills-nix",
        "rev": "8326df98cf494dc515db99affa9ea9d2bd6666b6",
        "type": "github"
      },
      "original": {
        "owner": "Kyure-A",
        "repo": "agent-skills-nix",
        "type": "github"
      }
    },
    "ccc": {
      "flake": false,
      "locked": {
        "lastModified": 1774790227,
        "narHash": "sha256-4X7pAXJZoaF8hUfefyXo8r3ggDvsaHy1pockndTUsds=",
        "owner": "skk-dev",
        "repo": "ddskk",
        "rev": "e8bf68b27021c29781dbfa6a8ef7b770565bdb5b",
        "type": "github"
      },
      "original": {
        "owner": "skk-dev",
        "repo": "ddskk",
        "type": "github"
      }
    },
    "cdb": {
      "flake": false,
      "locked": {
        "lastModified": 1774790227,
        "narHash": "sha256-4X7pAXJZoaF8hUfefyXo8r3ggDvsaHy1pockndTUsds=",
        "owner": "skk-dev",
        "repo": "ddskk",
        "rev": "e8bf68b27021c29781dbfa6a8ef7b770565bdb5b",
        "type": "github"
      },
      "original": {
        "owner": "skk-dev",
        "repo": "ddskk",
        "type": "github"
      }
    },
    "chelly": {
      "inputs": {
        "flake-parts": [
          "flake-parts"
        ],
        "gomod2nix": "gomod2nix",
        "nixpkgs": [
          "nixpkgs"
        ]
      },
      "locked": {
        "lastModified": 1784037355,
        "narHash": "sha256-cRkWmykq/YrcrtBAohTaQrCpMNpYc1XLGNAcS+7rpgo=",
        "owner": "Warashi",
        "repo": "chelly",
        "rev": "71a3864c4a47f59fdd2fb5c5573fc9c55245b9d3",
        "type": "github"
      },
      "original": {
        "owner": "Warashi",
        "repo": "chelly",
        "type": "github"
      }
    },
    "compat": {
      "flake": false,
      "locked": {
        "lastModified": 1783614914,
        "narHash": "sha256-6Tjoqs0dkK0Z2jiNl/+3owooS5lXrtdTgS2xOdbSjY0=",
        "owner": "emacs-compat",
        "repo": "compat",
        "rev": "65c1343f50a29a8c0beb54204abd2b9f0db3c442",
        "type": "github"
      },
      "original": {
        "owner": "emacs-compat",
        "repo": "compat",
        "type": "github"
      }
    },
    "cond-let": {
      "flake": false,
      "locked": {
        "lastModified": 1782909426,
        "narHash": "sha256-u1WuIa1WJB9c2RqMRgjr+FqPwLOZCN8glv5ODIBUrbQ=",
        "owner": "tarsius",
        "repo": "cond-let",
        "rev": "c48600dfab6372670225f046cace263700c78eab",
        "type": "github"
      },
      "original": {
        "owner": "tarsius",
        "repo": "cond-let",
        "type": "github"
      }
    },
    "consult": {
      "flake": false,
      "locked": {
        "lastModified": 1783492845,
        "narHash": "sha256-lKtfg0qJ/2/O0hdmdVwdB4Cv4vV4r4caZMCE18JzhBY=",
        "owner": "minad",
        "repo": "consult",
        "rev": "e43b8315bd1a8d9125fff84ad84c4c003e177acb",
        "type": "github"
      },
      "original": {
        "owner": "minad",
        "repo": "consult",
        "type": "github"
      }
    },
    "consult-ghq": {
      "flake": false,
      "locked": {
        "lastModified": 1699707813,
        "narHash": "sha256-kLF06zQSLb1fZGKZ3XWJoPoSiIR4MzRV8ujpd/v5a/8=",
        "owner": "tomoya",
        "repo": "consult-ghq",
        "rev": "65a99980fb313d473376542cb87464a8a44ff25e",
        "type": "github"
      },
      "original": {
        "owner": "tomoya",
        "repo": "consult-ghq",
        "type": "github"
      }
    },
    "copilot": {
      "flake": false,
      "locked": {
        "lastModified": 1783401376,
        "narHash": "sha256-LYjZeBpQ8UOGoiFETyDF85fOFhKH1aQ/YwCOPfaARjo=",
        "owner": "copilot-emacs",
        "repo": "copilot.el",
        "rev": "277ca357422ba34bcf7fe650cb720580994eea84",
        "type": "github"
      },
      "original": {
        "owner": "copilot-emacs",
        "repo": "copilot.el",
        "type": "github"
      }
    },
    "corfu": {
      "flake": false,
      "locked": {
        "lastModified": 1782652958,
        "narHash": "sha256-JRgZ0KECw8UmclXlMJLNHoGv/De9dDewm+DEmr94BJY=",
        "owner": "minad",
        "repo": "corfu",
        "rev": "c588350d8f9fc60ed0fcf4b78c37671835be01a9",
        "type": "github"
      },
      "original": {
        "owner": "minad",
        "repo": "corfu",
        "type": "github"
      }
    },
    "darwin": {
      "inputs": {
        "nixpkgs": [
          "nixpkgs"
        ]
      },
      "locked": {
        "lastModified": 1784500460,
        "narHash": "sha256-UvORnAxTRHax7RG74W8Z2t4GvIkX6AjJ5kk0QlwZomo=",
        "owner": "nix-darwin",
        "repo": "nix-darwin",
        "rev": "57a3171f94705599a2499248ca5758d5eb47c0e0",
        "type": "github"
      },
      "original": {
        "owner": "nix-darwin",
        "repo": "nix-darwin",
        "type": "github"
      }
    },
    "dash": {
      "flake": false,
      "locked": {
        "lastModified": 1771681581,
        "narHash": "sha256-VkBJAX1zPjQ0tH3nVSmMH5veOaQl1fgtzWIi4BN0v5A=",
        "owner": "magnars",
        "repo": "dash.el",
        "rev": "d3a84021dbe48dba63b52ef7665651e0cf02e915",
        "type": "github"
      },
      "original": {
        "owner": "magnars",
        "repo": "dash.el",
        "type": "github"
      }
    },
    "ddskk": {
      "flake": false,
      "locked": {
        "lastModified": 1774790227,
        "narHash": "sha256-4X7pAXJZoaF8hUfefyXo8r3ggDvsaHy1pockndTUsds=",
        "owner": "skk-dev",
        "repo": "ddskk",
        "rev": "e8bf68b27021c29781dbfa6a8ef7b770565bdb5b",
        "type": "github"
      },
      "original": {
        "owner": "skk-dev",
        "repo": "ddskk",
        "type": "github"
      }
    },
    "devshell": {
      "inputs": {
        "nixpkgs": [
          "nixpkgs"
        ]
      },
      "locked": {
        "lastModified": 1768818222,
        "narHash": "sha256-460jc0+CZfyaO8+w8JNtlClB2n4ui1RbHfPTLkpwhU8=",
        "owner": "numtide",
        "repo": "devshell",
        "rev": "255a2b1725a20d060f566e4755dbf571bbbb5f76",
        "type": "github"
      },
      "original": {
        "owner": "numtide",
        "repo": "devshell",
        "type": "github"
      }
    },
    "direnv-instant": {
      "inputs": {
        "flake-parts": [
          "flake-parts"
        ],
        "nixpkgs": [
          "nixpkgs"
        ],
        "treefmt-nix": [
          "treefmt-nix"
        ]
      },
      "locked": {
        "lastModified": 1784874452,
        "narHash": "sha256-tY44xXG2zeAXAEbxcLfspV0sr54aLQk334rHU+erlqw=",
        "owner": "Mic92",
        "repo": "direnv-instant",
        "rev": "2d6dab5941c8472e6a14b641bde9d64bea1be1f5",
        "type": "github"
      },
      "original": {
        "owner": "Mic92",
        "repo": "direnv-instant",
        "type": "github"
      }
    },
    "disko": {
      "inputs": {
        "nixpkgs": [
          "nixpkgs"
        ]
      },
      "locked": {
        "lastModified": 1781152676,
        "narHash": "sha256-RxWs5ND31KzTG7wvMM+PMfUjyNpmIEr999lqNARaM5o=",
        "owner": "nix-community",
        "repo": "disko",
        "rev": "ff8702b4de27f72b4c78573dfb89ec74e36abdf1",
        "type": "github"
      },
      "original": {
        "owner": "nix-community",
        "repo": "disko",
        "type": "github"
      }
    },
    "el-job": {
      "flake": false,
      "locked": {
        "lastModified": 1772779395,
        "narHash": "sha256-AQ/e2vNCt9s8mzq+X/ujwBg2aqfeWtVDlkSU56dYltM=",
        "owner": "meedstrom",
        "repo": "el-job",
        "rev": "8b21c8f9a47a71102bf4ec08504b044aeab880fe",
        "type": "github"
      },
      "original": {
        "owner": "meedstrom",
        "repo": "el-job",
        "type": "github"
      }
    },
    "elisp-helpers": {
      "inputs": {
        "fromElisp": "fromElisp"
      },
      "locked": {
        "lastModified": 1782098990,
        "narHash": "sha256-cdzwG8NRXtwlG25Tjfvscx9nKllZbNbEHvK/q7Sdmak=",
        "owner": "emacs-twist",
        "repo": "elisp-helpers",
        "rev": "6ed8c5617af3d62a456ad1407c2e22feefd48b1b",
        "type": "github"
      },
      "original": {
        "owner": "emacs-twist",
        "repo": "elisp-helpers",
        "type": "github"
      }
    },
    "ellama": {
      "flake": false,
      "locked": {
        "lastModified": 1783876609,
        "narHash": "sha256-NcnnFR9fDyQWtfzGrD5znGAYieWBF/mSB2cNXULA3Zo=",
        "owner": "s-kostyaev",
        "repo": "ellama",
        "rev": "b00c307c97a2e447948a589fe591e3cad2d4b93a",
        "type": "github"
      },
      "original": {
        "owner": "s-kostyaev",
        "repo": "ellama",
        "type": "github"
      }
    },
    "emacs-spectreshell": {
      "inputs": {
        "flake-compat": "flake-compat",
        "nixpkgs": [
          "nixpkgs"
        ],
        "zon2nix": "zon2nix"
      },
      "locked": {
        "lastModified": 1784415188,
        "narHash": "sha256-XYrdUgqsguFesadKfBDNMvO1gfMb34GZLWJu/xhVt1c=",
        "owner": "Warashi",
        "repo": "emacs-spectreshell",
        "rev": "90b0ca379f8b54b5cf9f13e425a668ad213bca1a",
        "type": "github"
      },
      "original": {
        "owner": "Warashi",
        "repo": "emacs-spectreshell",
        "type": "github"
      }
    },
    "emacs-twist": {
      "inputs": {
        "elisp-helpers": "elisp-helpers"
      },
      "locked": {
        "lastModified": 1784239765,
        "narHash": "sha256-/MmF9ubIYSQvT9Fyd4R97aQXOQjB8OUArMaZCx4ia6g=",
        "owner": "Warashi",
        "repo": "twist.nix",
        "rev": "3d4f271bbcb005e1e935f575a93b70ed24b54ee8",
        "type": "github"
      },
      "original": {
        "owner": "Warashi",
        "ref": "darwin-emacs-app",
        "repo": "twist.nix",
        "type": "github"
      }
    },
    "envrc": {
      "flake": false,
      "locked": {
        "lastModified": 1782122653,
        "narHash": "sha256-KWQZjugzjKC+emQfxvskx9a6Oc+1h1tkUmKMRACqeoY=",
        "owner": "purcell",
        "repo": "envrc",
        "rev": "77e9dec1563bc204cc9e086cd8a7d3622196224c",
        "type": "github"
      },
      "original": {
        "owner": "purcell",
        "repo": "envrc",
        "type": "github"
      }
    },
    "exec-path-from-shell": {
      "flake": false,
      "locked": {
        "lastModified": 1781870398,
        "narHash": "sha256-aQ9eOqRu1pYTPF/Wqo/XDMcFiHVp6dRZLZ7rsRuSy7Q=",
        "owner": "purcell",
        "repo": "exec-path-from-shell",
        "rev": "6146fdc16e9882df270be7e58ae8d628032d6bc4",
        "type": "github"
      },
      "original": {
        "owner": "purcell",
        "repo": "exec-path-from-shell",
        "type": "github"
      }
    },
    "f": {
      "flake": false,
      "locked": {
        "lastModified": 1727955076,
        "narHash": "sha256-rDUl2oUlcnSjNbFZn9A/80RVk6neaTScw2kvh6FjmTE=",
        "owner": "rejeep",
        "repo": "f.el",
        "rev": "931b6d0667fe03e7bf1c6c282d6d8d7006143c52",
        "type": "github"
      },
      "original": {
        "owner": "rejeep",
        "repo": "f.el",
        "type": "github"
      }
    },
    "fish-mode": {
      "flake": false,
      "locked": {
        "lastModified": 1706530431,
        "narHash": "sha256-hkBKYCP3plY4zdBPqx0Ucfu3D+cEmBtgWHSXT+ckTtg=",
        "owner": "wwwjfy",
        "repo": "emacs-fish",
        "rev": "2526b1803b58cf145bc70ff6ce2adb3f6c246f89",
        "type": "github"
      },
      "original": {
        "owner": "wwwjfy",
        "repo": "emacs-fish",
        "type": "github"
      }
    },
    "flake-compat": {
      "flake": false,
      "locked": {
        "lastModified": 1767039857,
        "narHash": "sha256-vNpUSpF5Nuw8xvDLj2KCwwksIbjua2LZCqhV1LNRDns=",
        "owner": "NixOS",
        "repo": "flake-compat",
        "rev": "5edf11c44bc78a0d334f6334cdaf7d60d732daab",
        "type": "github"
      },
      "original": {
        "owner": "NixOS",
        "repo": "flake-compat",
        "type": "github"
      }
    },
    "flake-parts": {
      "inputs": {
        "nixpkgs-lib": "nixpkgs-lib"
      },
      "locked": {
        "lastModified": 1782949081,
        "narHash": "sha256-vp6Y/Grm98ESt6ceOkWiHWyZRDV3J1RID4w+6NWK9yA=",
        "owner": "hercules-ci",
        "repo": "flake-parts",
        "rev": "17c9d6cdfc60c64f4ee8d306f9bc0b4ccb51481e",
        "type": "github"
      },
      "original": {
        "owner": "hercules-ci",
        "repo": "flake-parts",
        "type": "github"
      }
    },
    "flake-utils": {
      "inputs": {
        "systems": "systems"
      },
      "locked": {
        "lastModified": 1731533236,
        "narHash": "sha256-l0KFg5HjrsfsO/JpG+r7fRrqm12kzFHyUHqHCVpMMbI=",
        "owner": "numtide",
        "repo": "flake-utils",
        "rev": "11707dc2f618dd54ca8739b309ec4fc024de578b",
        "type": "github"
      },
      "original": {
        "owner": "numtide",
        "repo": "flake-utils",
        "type": "github"
      }
    },
    "flake-utils_2": {
      "inputs": {
        "systems": "systems_2"
      },
      "locked": {
        "lastModified": 1731533236,
        "narHash": "sha256-l0KFg5HjrsfsO/JpG+r7fRrqm12kzFHyUHqHCVpMMbI=",
        "owner": "numtide",
        "repo": "flake-utils",
        "rev": "11707dc2f618dd54ca8739b309ec4fc024de578b",
        "type": "github"
      },
      "original": {
        "owner": "numtide",
        "repo": "flake-utils",
        "type": "github"
      }
    },
    "fromElisp": {
      "flake": false,
      "locked": {
        "lastModified": 1723987997,
        "narHash": "sha256-OhaVgTG6zjLByzl+uPTvtCld3p2uqgbCXmOl/s3LVRo=",
        "owner": "talyz",
        "repo": "fromElisp",
        "rev": "f071a0e262c02c0895b575c4e322b7fd90713543",
        "type": "github"
      },
      "original": {
        "owner": "talyz",
        "repo": "fromElisp",
        "type": "github"
      }
    },
    "ghostel": {
      "flake": false,
      "locked": {
        "lastModified": 1784025286,
        "narHash": "sha256-NYgPKn1NtGIVeJn7fGdJYAFmWf5KKxzCnG56+FhBLUI=",
        "owner": "dakra",
        "repo": "ghostel",
        "rev": "1978b3ed6e3c8be0edc9835a1364a2305ac5f181",
        "type": "github"
      },
      "original": {
        "owner": "dakra",
        "repo": "ghostel",
        "type": "github"
      }
    },
    "git-hooks": {
      "inputs": {
        "flake-compat": [],
        "nixpkgs": [
          "nixpkgs"
        ]
      },
      "locked": {
        "lastModified": 1784288435,
        "narHash": "sha256-ReRHaLgr/uVqdD8afFSn+myXIfpHeOhP0yYe0TJqAA8=",
        "owner": "cachix",
        "repo": "git-hooks.nix",
        "rev": "43b3c1ab9d40fb1dbb008f451988a91e375825e9",
        "type": "github"
      },
      "original": {
        "owner": "cachix",
        "repo": "git-hooks.nix",
        "type": "github"
      }
    },
    "git-wit": {
      "inputs": {
        "flake-parts": [
          "flake-parts"
        ],
        "gomod2nix": "gomod2nix_2",
        "nixpkgs": [
          "nixpkgs"
        ]
      },
      "locked": {
        "lastModified": 1784520383,
        "narHash": "sha256-wHJ7sFwmJ2gGeXegla1INSYHoH0KyCOgP9inxYrPblk=",
        "owner": "Warashi",
        "repo": "git-wit",
        "rev": "b70843fe92d33bd064967faad03e78372ba1946c",
        "type": "github"
      },
      "original": {
        "owner": "Warashi",
        "repo": "git-wit",
        "type": "github"
      }
    },
    "gomod2nix": {
      "inputs": {
        "flake-utils": "flake-utils",
        "nixpkgs": [
          "chelly",
          "nixpkgs"
        ]
      },
      "locked": {
        "lastModified": 1770585520,
        "narHash": "sha256-yBz9Ozd5Wb56i3e3cHZ8WcbzCQ9RlVaiW18qDYA/AzA=",
        "owner": "nix-community",
        "repo": "gomod2nix",
        "rev": "1201ddd1279c35497754f016ef33d5e060f3da8d",
        "type": "github"
      },
      "original": {
        "owner": "nix-community",
        "repo": "gomod2nix",
        "type": "github"
      }
    },
    "gomod2nix_2": {
      "inputs": {
        "flake-utils": "flake-utils_2",
        "nixpkgs": [
          "git-wit",
          "nixpkgs"
        ]
      },
      "locked": {
        "lastModified": 1770585520,
        "narHash": "sha256-yBz9Ozd5Wb56i3e3cHZ8WcbzCQ9RlVaiW18qDYA/AzA=",
        "owner": "nix-community",
        "repo": "gomod2nix",
        "rev": "1201ddd1279c35497754f016ef33d5e060f3da8d",
        "type": "github"
      },
      "original": {
        "owner": "nix-community",
        "repo": "gomod2nix",
        "type": "github"
      }
    },
    "hcl-mode": {
      "flake": false,
      "locked": {
        "lastModified": 1728982426,
        "narHash": "sha256-1j23lOoGM7pML2M0LXGKIVKjCmAtf4/J43l8JpPEfXI=",
        "owner": "hcl-emacs",
        "repo": "hcl-mode",
        "rev": "1da895ed75d28d9f87cbf9b74f075d90ba31c0ed",
        "type": "github"
      },
      "original": {
        "owner": "hcl-emacs",
        "repo": "hcl-mode",
        "type": "github"
      }
    },
    "home-manager": {
      "inputs": {
        "nixpkgs": [
          "nixpkgs"
        ]
      },
      "locked": {
        "lastModified": 1784913159,
        "narHash": "sha256-JWq0BfjO4ktpH5USfQNQzdvHpIDT8fSKD5K7LvdMRFs=",
        "owner": "nix-community",
        "repo": "home-manager",
        "rev": "079a3b5d1aa6a719920a51316253b7d6dd22738d",
        "type": "github"
      },
      "original": {
        "owner": "nix-community",
        "repo": "home-manager",
        "type": "github"
      }
    },
    "inheritenv": {
      "flake": false,
      "locked": {
        "lastModified": 1732024534,
        "narHash": "sha256-qzM7uepVOTQyxJmngiePHVXFdeOw59wGvwiKl3xEDT4=",
        "owner": "purcell",
        "repo": "inheritenv",
        "rev": "b9e67cc20c069539698a9ac54d0e6cc11e616c6f",
        "type": "github"
      },
      "original": {
        "owner": "purcell",
        "repo": "inheritenv",
        "type": "github"
      }
    },
    "just-ts-mode": {
      "flake": false,
      "locked": {
        "lastModified": 1773933198,
        "narHash": "sha256-AiCdeM/jyUiUkBrO7kNO92Lo9pm3aWjny1TKdQCQ72c=",
        "owner": "leon-barrett",
        "repo": "just-ts-mode.el",
        "rev": "94f788eccb13cd3ade827af5612ffe3cad5fddf0",
        "type": "github"
      },
      "original": {
        "owner": "leon-barrett",
        "repo": "just-ts-mode.el",
        "type": "github"
      }
    },
    "justl": {
      "flake": false,
      "locked": {
        "lastModified": 1782793168,
        "narHash": "sha256-aKKPNzxSypY4qsVQrBCsnd0Yxi6PsAS1fazKnnlHP9Y=",
        "owner": "psibi",
        "repo": "justl.el",
        "rev": "2603c5b45105514dc3190a00278879688d34cbc3",
        "type": "github"
      },
      "original": {
        "owner": "psibi",
        "repo": "justl.el",
        "type": "github"
      }
    },
    "llama": {
      "flake": false,
      "locked": {
        "lastModified": 1780325752,
        "narHash": "sha256-c1sk4iVTeDoSGBq6h7VPemdKhYi/P3UfLSJbd3MjyuM=",
        "owner": "tarsius",
        "repo": "llama",
        "rev": "4d4024048053b898a01521046e0f063ee47615b0",
        "type": "github"
      },
      "original": {
        "owner": "tarsius",
        "repo": "llama",
        "type": "github"
      }
    },
    "llm": {
      "flake": false,
      "locked": {
        "lastModified": 1783639525,
        "narHash": "sha256-cUxUVThHGYanV8IzNOuVrRIWqtZFo1KcOogwM+OiaK8=",
        "owner": "ahyatt",
        "repo": "llm",
        "rev": "2fe1f99a51e66c1f50e2c0b603b949783b9320f0",
        "type": "github"
      },
      "original": {
        "owner": "ahyatt",
        "repo": "llm",
        "type": "github"
      }
    },
    "magit": {
      "flake": false,
      "locked": {
        "lastModified": 1783774635,
        "narHash": "sha256-TEkH4FaOfrYIUGzO8xg+sbrXtPVdqNFwoWGEcdiJlXE=",
        "owner": "magit",
        "repo": "magit",
        "rev": "fe56c0d10a91d00aed65f831b8435a7224bc7730",
        "type": "github"
      },
      "original": {
        "owner": "magit",
        "repo": "magit",
        "type": "github"
      }
    },
    "magit-section": {
      "flake": false,
      "locked": {
        "lastModified": 1783774635,
        "narHash": "sha256-TEkH4FaOfrYIUGzO8xg+sbrXtPVdqNFwoWGEcdiJlXE=",
        "owner": "magit",
        "repo": "magit",
        "rev": "fe56c0d10a91d00aed65f831b8435a7224bc7730",
        "type": "github"
      },
      "original": {
        "owner": "magit",
        "repo": "magit",
        "type": "github"
      }
    },
    "marginalia": {
      "flake": false,
      "locked": {
        "lastModified": 1782652506,
        "narHash": "sha256-0lfo3vI9eU4A+pNbd2H5kLl+Z4HoDUexlD+o8+hdIQw=",
        "owner": "minad",
        "repo": "marginalia",
        "rev": "7604eb0463994b0528b92aaf6e594f64089b8b95",
        "type": "github"
      },
      "original": {
        "owner": "minad",
        "repo": "marginalia",
        "type": "github"
      }
    },
    "msgpack": {
      "flake": false,
      "locked": {
        "lastModified": 1783353305,
        "narHash": "sha256-XMNaHjNx3E/HbqNyqSfotIq5YpUMydUX6d9et2VE+SI=",
        "owner": "xuchunyang",
        "repo": "msgpack.el",
        "rev": "5353a7b2da854c843cbec4536996242001f63471",
        "type": "github"
      },
      "original": {
        "owner": "xuchunyang",
        "repo": "msgpack.el",
        "type": "github"
      }
    },
    "my-emacs": {
      "inputs": {
        "emacs-spectreshell": [
          "emacs-spectreshell"
        ],
        "nixpkgs": [
          "nixpkgs"
        ],
        "org-babel": [
          "org-babel"
        ],
        "twist": [
          "emacs-twist"
        ]
      },
      "locked": {
        "path": "./applications/emacs/twist",
        "type": "path"
      },
      "original": {
        "path": "./applications/emacs/twist",
        "type": "path"
      },
      "parent": []
    },
    "my-emacs-pkgs": {
      "inputs": {
        "acp": "acp",
        "age": "age",
        "agent-shell": "agent-shell",
        "agent-shell-tramp": "agent-shell-tramp",
        "ccc": "ccc",
        "cdb": "cdb",
        "compat": "compat",
        "cond-let": "cond-let",
        "consult": "consult",
        "consult-ghq": "consult-ghq",
        "copilot": "copilot",
        "corfu": "corfu",
        "dash": "dash",
        "ddskk": "ddskk",
        "el-job": "el-job",
        "ellama": "ellama",
        "envrc": "envrc",
        "exec-path-from-shell": "exec-path-from-shell",
        "f": "f",
        "fish-mode": "fish-mode",
        "ghostel": "ghostel",
        "hcl-mode": "hcl-mode",
        "inheritenv": "inheritenv",
        "just-ts-mode": "just-ts-mode",
        "justl": "justl",
        "llama": "llama",
        "llm": "llm",
        "magit": "magit",
        "magit-section": "magit-section",
        "marginalia": "marginalia",
        "msgpack": "msgpack",
        "nix-ts-mode": "nix-ts-mode",
        "orderless": "orderless",
        "org": "org",
        "org-mem": "org-mem",
        "org-node": "org-node",
        "plz": "plz",
        "plz-event-source": "plz-event-source",
        "plz-media-type": "plz-media-type",
        "ppp": "ppp",
        "puni": "puni",
        "s": "s",
        "setup": "setup",
        "shell-maker": "shell-maker",
        "term-title": "term-title",
        "terraform-mode": "terraform-mode",
        "tramp": "tramp",
        "tramp-rpc": "tramp-rpc",
        "transient": "transient",
        "truename-cache": "truename-cache",
        "twist": "twist",
        "vertico": "vertico",
        "with-editor": "with-editor",
        "yaml": "yaml"
      },
      "locked": {
        "path": "./applications/emacs/twist/lock",
        "type": "path"
      },
      "original": {
        "path": "./applications/emacs/twist/lock",
        "type": "path"
      },
      "parent": []
    },
    "nix-ts-mode": {
      "flake": false,
      "locked": {
        "lastModified": 1783267219,
        "narHash": "sha256-7oKVJYDqyu1zKB5dtrikiMd5TldssQoBez1k5K94Jy8=",
        "owner": "nix-community",
        "repo": "nix-ts-mode",
        "rev": "3b69aeb8d2403ea52b60a46fa452965b7b37a50e",
        "type": "github"
      },
      "original": {
        "owner": "nix-community",
        "repo": "nix-ts-mode",
        "type": "github"
      }
    },
    "nixpkgs": {
      "locked": {
        "lastModified": 1784783405,
        "narHash": "sha256-4IHyyLgLBdKefkljdKod4IMn023pQiDXAWJA187cmdY=",
        "owner": "NixOS",
        "repo": "nixpkgs",
        "rev": "7525d999cd850b9a488817abc89c75dc733acf17",
        "type": "github"
      },
      "original": {
        "owner": "NixOS",
        "ref": "nixpkgs-unstable",
        "repo": "nixpkgs",
        "type": "github"
      }
    },
    "nixpkgs-lib": {
      "locked": {
        "lastModified": 1782614948,
        "narHash": "sha256-ePjCwr1sNm9NYUqywL7QfK3JnlS015msC+eBu2zKlp8=",
        "owner": "nix-community",
        "repo": "nixpkgs.lib",
        "rev": "db3f255737b94216eb71cce308e2912cf6bc2d7c",
        "type": "github"
      },
      "original": {
        "owner": "nix-community",
        "repo": "nixpkgs.lib",
        "type": "github"
      }
    },
    "orderless": {
      "flake": false,
      "locked": {
        "lastModified": 1782652430,
        "narHash": "sha256-s/xX72yq0gjC+RmBtZGrRbKS566QBnFwymJNe/c+EOQ=",
        "owner": "oantolin",
        "repo": "orderless",
        "rev": "0ffd9d6903714c1f6d8fcbb6a20941fb33dd7ae5",
        "type": "github"
      },
      "original": {
        "owner": "oantolin",
        "repo": "orderless",
        "type": "github"
      }
    },
    "org": {
      "flake": false,
      "locked": {
        "lastModified": 1783143268,
        "narHash": "sha256-7ZmwAkVjEf+a8I9zBE9IMdGdvTdDwM8DXFkG+f1oHZo=",
        "ref": "bugfix",
        "rev": "cdc16898fd46a30d7187c0a5830b2b898ffbd2de",
        "revCount": 28660,
        "type": "git",
        "url": "https://git.savannah.gnu.org/git/emacs/org-mode.git"
      },
      "original": {
        "ref": "bugfix",
        "type": "git",
        "url": "https://git.savannah.gnu.org/git/emacs/org-mode.git"
      }
    },
    "org-babel": {
      "locked": {
        "lastModified": 1781216126,
        "narHash": "sha256-f1OICjF3pdRb89ackr20ulKJeTfGnQKXns2mgxOxE00=",
        "owner": "emacs-twist",
        "repo": "org-babel",
        "rev": "e39a14ee977472e15c1c3019b7e00c0da9ecbaa2",
        "type": "github"
      },
      "original": {
        "owner": "emacs-twist",
        "repo": "org-babel",
        "type": "github"
      }
    },
    "org-mem": {
      "flake": false,
      "locked": {
        "lastModified": 1774525557,
        "narHash": "sha256-TGuuoaCABgLTHDPfx0/MmHN7JoS4c2M+eAiJ8X3SgiU=",
        "owner": "meedstrom",
        "repo": "org-mem",
        "rev": "07094dac902e452d59533e4d01e8177afaa0cfd1",
        "type": "github"
      },
      "original": {
        "owner": "meedstrom",
        "repo": "org-mem",
        "type": "github"
      }
    },
    "org-node": {
      "flake": false,
      "locked": {
        "lastModified": 1773070104,
        "narHash": "sha256-uK0VN0ABA+iOpTMFqXW2vxnWtjp/S7vEVH2s/FS0bus=",
        "owner": "meedstrom",
        "repo": "org-node",
        "rev": "10ea878528a24ae9bf6903da198f347d093f2b11",
        "type": "github"
      },
      "original": {
        "owner": "meedstrom",
        "repo": "org-node",
        "type": "github"
      }
    },
    "plz": {
      "flake": false,
      "locked": {
        "lastModified": 1723842760,
        "narHash": "sha256-GRdYTm+7lslbfiMzT3xFKWiekQrYXWW8RXkuThDPL/Y=",
        "owner": "alphapapa",
        "repo": "plz.el",
        "rev": "c579f039ffdb52ff61775ff25510a9c26e25d0c5",
        "type": "github"
      },
      "original": {
        "owner": "alphapapa",
        "ref": "stable",
        "repo": "plz.el",
        "type": "github"
      }
    },
    "plz-event-source": {
      "flake": false,
      "locked": {
        "lastModified": 1744536667,
        "narHash": "sha256-tK0/eXnOQe+IO853Q0Hf1Usu1OOPn2BoNWH7pee+A7o=",
        "owner": "r0man",
        "repo": "plz-event-source",
        "rev": "de89214ce14e2b82cbfdc30e1adcf3e77b1f250a",
        "type": "github"
      },
      "original": {
        "owner": "r0man",
        "repo": "plz-event-source",
        "type": "github"
      }
    },
    "plz-media-type": {
      "flake": false,
      "locked": {
        "lastModified": 1744452044,
        "narHash": "sha256-Ehcz6umf9pMNuUR9w/FE2Nodr0bPdule62rZWMEXLEw=",
        "owner": "r0man",
        "repo": "plz-media-type",
        "rev": "b1127982d53affff082447030cda6e8ead3899cb",
        "type": "github"
      },
      "original": {
        "owner": "r0man",
        "repo": "plz-media-type",
        "type": "github"
      }
    },
    "ppp": {
      "flake": false,
      "locked": {
        "lastModified": 1778254267,
        "narHash": "sha256-8SBFuOkLYRuvPRuVtdoE70FLBHZITI6vx0PSDb3vImo=",
        "owner": "conao3",
        "repo": "ppp.el",
        "rev": "404b987482f218a483831b95499548ff2550a71e",
        "type": "github"
      },
      "original": {
        "owner": "conao3",
        "repo": "ppp.el",
        "type": "github"
      }
    },
    "puni": {
      "flake": false,
      "locked": {
        "lastModified": 1779204424,
        "narHash": "sha256-LwGNrSrY8Ff13xYx9B7zI81YmKQHX8IwfXJEyaFVzV8=",
        "owner": "AmaiKinono",
        "repo": "puni",
        "rev": "04819e0bad5ed62af9e412ef9715b33bb1edc3ba",
        "type": "github"
      },
      "original": {
        "owner": "AmaiKinono",
        "repo": "puni",
        "type": "github"
      }
    },
    "root": {
      "inputs": {
        "agent-skills": "agent-skills",
        "chelly": "chelly",
        "darwin": "darwin",
        "devshell": "devshell",
        "direnv-instant": "direnv-instant",
        "disko": "disko",
        "emacs-spectreshell": "emacs-spectreshell",
        "emacs-twist": "emacs-twist",
        "flake-parts": "flake-parts",
        "git-hooks": "git-hooks",
        "git-wit": "git-wit",
        "home-manager": "home-manager",
        "my-emacs": "my-emacs",
        "my-emacs-pkgs": "my-emacs-pkgs",
        "nixpkgs": "nixpkgs",
        "org-babel": "org-babel",
        "sops-nix": "sops-nix",
        "treefmt-nix": "treefmt-nix"
      }
    },
    "s": {
      "flake": false,
      "locked": {
        "lastModified": 1779413747,
        "narHash": "sha256-xP4nFNjFAPcB5GbzJAqLmwfIUqX4pFspz1GdyOolEbQ=",
        "owner": "magnars",
        "repo": "s.el",
        "rev": "7393fa6fa305403e628058c0ec78c35d610fab05",
        "type": "github"
      },
      "original": {
        "owner": "magnars",
        "repo": "s.el",
        "type": "github"
      }
    },
    "setup": {
      "flake": false,
      "locked": {
        "lastModified": 1761595148,
        "narHash": "sha256-lLeKsLFf1+Bjk6ETq+0Nncw6DPOVxE49cAexdLAr/5U=",
        "ref": "refs/heads/master",
        "rev": "de9b86c6f29cf9888e911924ffc4ce47312320c3",
        "revCount": 224,
        "type": "git",
        "url": "https://codeberg.org/pkal/setup.el"
      },
      "original": {
        "type": "git",
        "url": "https://codeberg.org/pkal/setup.el"
      }
    },
    "shell-maker": {
      "flake": false,
      "locked": {
        "lastModified": 1783932251,
        "narHash": "sha256-G7hU6tm4nFau9/f8I9kn7gQBjS80XymvYdHI8OAocK0=",
        "owner": "xenodium",
        "repo": "shell-maker",
        "rev": "071c6df3ca22a2f4c0daa689848ac9bd21bf4e2b",
        "type": "github"
      },
      "original": {
        "owner": "xenodium",
        "repo": "shell-maker",
        "type": "github"
      }
    },
    "sops-nix": {
      "inputs": {
        "nixpkgs": [
          "nixpkgs"
        ]
      },
      "locked": {
        "lastModified": 1783174389,
        "narHash": "sha256-aCWC8ngycU7OdJrU2+Je3qf+1a2ykuBvpPhZT/9tXMc=",
        "owner": "Mic92",
        "repo": "sops-nix",
        "rev": "f1406619a3884cd5c47992a70b8b35c9c0fcb4c9",
        "type": "github"
      },
      "original": {
        "owner": "Mic92",
        "repo": "sops-nix",
        "type": "github"
      }
    },
    "systems": {
      "locked": {
        "lastModified": 1681028828,
        "narHash": "sha256-Vy1rq5AaRuLzOxct8nz4T6wlgyUR7zLU309k9mBC768=",
        "owner": "nix-systems",
        "repo": "default",
        "rev": "da67096a3b9bf56a91d16901293e51ba5b49a27e",
        "type": "github"
      },
      "original": {
        "owner": "nix-systems",
        "repo": "default",
        "type": "github"
      }
    },
    "systems_2": {
      "locked": {
        "lastModified": 1681028828,
        "narHash": "sha256-Vy1rq5AaRuLzOxct8nz4T6wlgyUR7zLU309k9mBC768=",
        "owner": "nix-systems",
        "repo": "default",
        "rev": "da67096a3b9bf56a91d16901293e51ba5b49a27e",
        "type": "github"
      },
      "original": {
        "owner": "nix-systems",
        "repo": "default",
        "type": "github"
      }
    },
    "term-title": {
      "flake": false,
      "locked": {
        "lastModified": 1641341204,
        "narHash": "sha256-RS3zhlYyK9hh6WtEoLDLAKINriFGzA9V2s+zFuL8o0E=",
        "owner": "CyberShadow",
        "repo": "term-title",
        "rev": "0a891957d4a6e2afc4176b555fc790d4c5bacd05",
        "type": "github"
      },
      "original": {
        "owner": "CyberShadow",
        "repo": "term-title",
        "type": "github"
      }
    },
    "terraform-mode": {
      "flake": false,
      "locked": {
        "lastModified": 1763244647,
        "narHash": "sha256-NvMICA4oxw88bN5cfPt+ZNmuDGITR4Uz1/RBZ8QEYg0=",
        "owner": "hcl-emacs",
        "repo": "terraform-mode",
        "rev": "01635df3625c0cec2bb4613a6f920b8569d41009",
        "type": "github"
      },
      "original": {
        "owner": "hcl-emacs",
        "repo": "terraform-mode",
        "type": "github"
      }
    },
    "tramp": {
      "flake": false,
      "locked": {
        "lastModified": 1782712895,
        "narHash": "sha256-Mij87Ejdu0b/EnpXwFkuS8VVYwv6qUkFJEhv6uTShnc=",
        "ref": "externals/tramp",
        "rev": "31866a54c93ae27f2af72e3fe9b6e180a40c3579",
        "revCount": 114,
        "type": "git",
        "url": "https://git.savannah.gnu.org/git/tramp.git"
      },
      "original": {
        "ref": "externals/tramp",
        "type": "git",
        "url": "https://git.savannah.gnu.org/git/tramp.git"
      }
    },
    "tramp-rpc": {
      "flake": false,
      "locked": {
        "lastModified": 1783638760,
        "narHash": "sha256-UO1OdIlbmbR1MOj9Q94uBv394G20DQrwjQmSF/ppBDE=",
        "owner": "ArthurHeymans",
        "repo": "emacs-tramp-rpc",
        "rev": "52d2334b09b57bbe3f7173f9b50d4ceea196fe0d",
        "type": "github"
      },
      "original": {
        "owner": "ArthurHeymans",
        "repo": "emacs-tramp-rpc",
        "type": "github"
      }
    },
    "transient": {
      "flake": false,
      "locked": {
        "lastModified": 1782910543,
        "narHash": "sha256-r0LJ6EqlPJDKzbW5Nm3QR34Ha7nz6r8gKax7jKOTIyE=",
        "owner": "magit",
        "repo": "transient",
        "rev": "3d20a780605f0a33d6360dc0a2ce9174c69a9a92",
        "type": "github"
      },
      "original": {
        "owner": "magit",
        "repo": "transient",
        "type": "github"
      }
    },
    "treefmt-nix": {
      "inputs": {
        "nixpkgs": [
          "nixpkgs"
        ]
      },
      "locked": {
        "lastModified": 1784369104,
        "narHash": "sha256-47cxbcZODibHv3rELFQ9vZly0vUNkND/atn/U7HLeb0=",
        "owner": "numtide",
        "repo": "treefmt-nix",
        "rev": "df3c0640565d04a0261253cdd89fce78ec50168a",
        "type": "github"
      },
      "original": {
        "owner": "numtide",
        "repo": "treefmt-nix",
        "type": "github"
      }
    },
    "truename-cache": {
      "flake": false,
      "locked": {
        "lastModified": 1772678784,
        "narHash": "sha256-321Kfr8jdYwRpixKmXJ2VzmolAwibzneQuwhNLznsic=",
        "owner": "meedstrom",
        "repo": "truename-cache",
        "rev": "6540dd050c0db1e73e03dfa6fe253dd5fb03b579",
        "type": "github"
      },
      "original": {
        "owner": "meedstrom",
        "repo": "truename-cache",
        "type": "github"
      }
    },
    "twist": {
      "flake": false,
      "locked": {
        "lastModified": 1700878793,
        "narHash": "sha256-R4wXVq9lb8WuTDdXjtaFiptJgBhKjoiJzUNXtZwkvto=",
        "owner": "emacs-twist",
        "repo": "twist.el",
        "rev": "cc49891252ae060656bb859ca5bc49a5dcb47b40",
        "type": "github"
      },
      "original": {
        "owner": "emacs-twist",
        "repo": "twist.el",
        "type": "github"
      }
    },
    "vertico": {
      "flake": false,
      "locked": {
        "lastModified": 1783602303,
        "narHash": "sha256-W64xsCd0Te+jNMTDGw3lWvfOl9PI5AvTMuFF9OrLUpI=",
        "owner": "minad",
        "repo": "vertico",
        "rev": "95bd36e27bafe36158085017b5c5726391089d6b",
        "type": "github"
      },
      "original": {
        "owner": "minad",
        "repo": "vertico",
        "type": "github"
      }
    },
    "with-editor": {
      "flake": false,
      "locked": {
        "lastModified": 1782910351,
        "narHash": "sha256-BgxcVv85p1o6SKkn/mOBTvnuewXbtNrBzidi+s0NcIs=",
        "owner": "magit",
        "repo": "with-editor",
        "rev": "45bfc6084f03e3aa7f4f8db20836d559186c5957",
        "type": "github"
      },
      "original": {
        "owner": "magit",
        "repo": "with-editor",
        "type": "github"
      }
    },
    "yaml": {
      "flake": false,
      "locked": {
        "lastModified": 1780648466,
        "narHash": "sha256-pUmUPrMC+LOzo66ET+mu+cZQ4qBV5bebPxkg+xCFRxs=",
        "owner": "zkry",
        "repo": "yaml.el",
        "rev": "5546f36bde24a9a8c1934e0f6ce205cd41d72537",
        "type": "github"
      },
      "original": {
        "owner": "zkry",
        "repo": "yaml.el",
        "type": "github"
      }
    },
    "zon2nix": {
      "inputs": {
        "nixpkgs": [
          "emacs-spectreshell",
          "nixpkgs"
        ]
      },
      "locked": {
        "lastModified": 1784117571,
        "narHash": "sha256-Hvnmnuu0VpHiZl+8z+UkMoxC7JZJvRYBqu2Asb0ZJOE=",
        "owner": "jcollie",
        "repo": "zon2nix",
        "rev": "0ce628fb78309cdb13d098ae9c6fdbf87c75d25b",
        "type": "github"
      },
      "original": {
        "owner": "jcollie",
        "repo": "zon2nix",
        "type": "github"
      }
    }
  },
  "root": "root",
  "version": 7
}
