{
  "nodes": {
    "age": {
      "flake": false,
      "locked": {
        "lastModified": 1754501019,
        "narHash": "sha256-cO3GpmI71XaA/l3e6wZjZvnzdGWhIXucY+pJGVWaLic=",
        "owner": "anticomputer",
        "repo": "age.el",
        "rev": "e99165ef5274bc4512b8d77ba2ac208c59b5d456",
        "type": "github"
      },
      "original": {
        "owner": "anticomputer",
        "repo": "age.el",
        "type": "github"
      }
    },
    "agent-skills": {
      "inputs": {
        "home-manager": [
          "home-manager"
        ],
        "nixpkgs": [
          "nixpkgs"
        ]
      },
      "locked": {
        "lastModified": 1782575918,
        "narHash": "sha256-YzRp956W8ci29lYgsXCBSt8SsIcWBv+67/i9HWSl0Q0=",
        "owner": "Kyure-A",
        "repo": "agent-skills-nix",
        "rev": "79eba8b513730982ab2a00dfbccd4fae84321b9c",
        "type": "github"
      },
      "original": {
        "owner": "Kyure-A",
        "repo": "agent-skills-nix",
        "type": "github"
      }
    },
    "ccc": {
      "flake": false,
      "locked": {
        "lastModified": 1774790227,
        "narHash": "sha256-4X7pAXJZoaF8hUfefyXo8r3ggDvsaHy1pockndTUsds=",
        "owner": "skk-dev",
        "repo": "ddskk",
        "rev": "e8bf68b27021c29781dbfa6a8ef7b770565bdb5b",
        "type": "github"
      },
      "original": {
        "owner": "skk-dev",
        "repo": "ddskk",
        "type": "github"
      }
    },
    "cdb": {
      "flake": false,
      "locked": {
        "lastModified": 1774790227,
        "narHash": "sha256-4X7pAXJZoaF8hUfefyXo8r3ggDvsaHy1pockndTUsds=",
        "owner": "skk-dev",
        "repo": "ddskk",
        "rev": "e8bf68b27021c29781dbfa6a8ef7b770565bdb5b",
        "type": "github"
      },
      "original": {
        "owner": "skk-dev",
        "repo": "ddskk",
        "type": "github"
      }
    },
    "chelly": {
      "inputs": {
        "flake-parts": [
          "flake-parts"
        ],
        "gomod2nix": "gomod2nix",
        "nixpkgs": [
          "nixpkgs"
        ]
      },
      "locked": {
        "lastModified": 1782517212,
        "narHash": "sha256-akt9PC6QpjJlPVQ5zwQxrYKRbzhRNS5/IZLSfH6dSQc=",
        "owner": "Warashi",
        "repo": "chelly",
        "rev": "32fb732af4d51f67ca91f058cc23ef8e29605778",
        "type": "github"
      },
      "original": {
        "owner": "Warashi",
        "repo": "chelly",
        "type": "github"
      }
    },
    "compat": {
      "flake": false,
      "locked": {
        "lastModified": 1780727853,
        "narHash": "sha256-rRgP/3E2zi6qQtf6e+Cr6V3U/xxYRnAS/T7c+YI/CyY=",
        "owner": "emacs-compat",
        "repo": "compat",
        "rev": "a0d646554730471579de8b33b0194077fd05abe1",
        "type": "github"
      },
      "original": {
        "owner": "emacs-compat",
        "repo": "compat",
        "type": "github"
      }
    },
    "cond-let": {
      "flake": false,
      "locked": {
        "lastModified": 1780325861,
        "narHash": "sha256-jn6NaBY1I6QWKDJXKJsRvrxqSTldKjaSVqD8ZdA7oKA=",
        "owner": "tarsius",
        "repo": "cond-let",
        "rev": "21b9e9835756ff5cd1acb971cf9eb56fff671c8b",
        "type": "github"
      },
      "original": {
        "owner": "tarsius",
        "repo": "cond-let",
        "type": "github"
      }
    },
    "copilot": {
      "flake": false,
      "locked": {
        "lastModified": 1774941222,
        "narHash": "sha256-hXZsu/pDE0/Li+GcFbC9ObbY4N1sVWDZ48CJfDrJmL4=",
        "owner": "copilot-emacs",
        "repo": "copilot.el",
        "rev": "ab5c58bc969f52f6d75e972658f2c3381c70b4fa",
        "type": "github"
      },
      "original": {
        "owner": "copilot-emacs",
        "repo": "copilot.el",
        "type": "github"
      }
    },
    "darwin": {
      "inputs": {
        "nixpkgs": [
          "nixpkgs"
        ]
      },
      "locked": {
        "lastModified": 1781761792,
        "narHash": "sha256-rCPytmKNjctLloB6UgK5CRrHSwV4b0ygxtJLPPp8R14=",
        "owner": "nix-darwin",
        "repo": "nix-darwin",
        "rev": "a1fa429e945becaf60468600daf649be4ba0350c",
        "type": "github"
      },
      "original": {
        "owner": "nix-darwin",
        "repo": "nix-darwin",
        "type": "github"
      }
    },
    "ddskk": {
      "flake": false,
      "locked": {
        "lastModified": 1774790227,
        "narHash": "sha256-4X7pAXJZoaF8hUfefyXo8r3ggDvsaHy1pockndTUsds=",
        "owner": "skk-dev",
        "repo": "ddskk",
        "rev": "e8bf68b27021c29781dbfa6a8ef7b770565bdb5b",
        "type": "github"
      },
      "original": {
        "owner": "skk-dev",
        "repo": "ddskk",
        "type": "github"
      }
    },
    "devshell": {
      "inputs": {
        "nixpkgs": [
          "nixpkgs"
        ]
      },
      "locked": {
        "lastModified": 1768818222,
        "narHash": "sha256-460jc0+CZfyaO8+w8JNtlClB2n4ui1RbHfPTLkpwhU8=",
        "owner": "numtide",
        "repo": "devshell",
        "rev": "255a2b1725a20d060f566e4755dbf571bbbb5f76",
        "type": "github"
      },
      "original": {
        "owner": "numtide",
        "repo": "devshell",
        "type": "github"
      }
    },
    "direnv-instant": {
      "inputs": {
        "flake-parts": [
          "flake-parts"
        ],
        "nixpkgs": [
          "nixpkgs"
        ],
        "treefmt-nix": [
          "treefmt-nix"
        ]
      },
      "locked": {
        "lastModified": 1781766454,
        "narHash": "sha256-f4yQVdfmgflkqah/bSzgamaZPajl73TQYpvkWptujko=",
        "owner": "Mic92",
        "repo": "direnv-instant",
        "rev": "0dcf752d9476f7f8b75a9e94a43ca376f0716be4",
        "type": "github"
      },
      "original": {
        "owner": "Mic92",
        "repo": "direnv-instant",
        "type": "github"
      }
    },
    "disko": {
      "inputs": {
        "nixpkgs": [
          "nixpkgs"
        ]
      },
      "locked": {
        "lastModified": 1781152676,
        "narHash": "sha256-RxWs5ND31KzTG7wvMM+PMfUjyNpmIEr999lqNARaM5o=",
        "owner": "nix-community",
        "repo": "disko",
        "rev": "ff8702b4de27f72b4c78573dfb89ec74e36abdf1",
        "type": "github"
      },
      "original": {
        "owner": "nix-community",
        "repo": "disko",
        "type": "github"
      }
    },
    "elisp-helpers": {
      "inputs": {
        "fromElisp": "fromElisp"
      },
      "locked": {
        "lastModified": 1782098990,
        "narHash": "sha256-cdzwG8NRXtwlG25Tjfvscx9nKllZbNbEHvK/q7Sdmak=",
        "owner": "emacs-twist",
        "repo": "elisp-helpers",
        "rev": "6ed8c5617af3d62a456ad1407c2e22feefd48b1b",
        "type": "github"
      },
      "original": {
        "owner": "emacs-twist",
        "repo": "elisp-helpers",
        "type": "github"
      }
    },
    "emacs-twist": {
      "inputs": {
        "elisp-helpers": "elisp-helpers"
      },
      "locked": {
        "lastModified": 1782944380,
        "narHash": "sha256-SO+lUFNqZ1TgdWnxtpX/2vZt5DLbFqCUhggQd0eY7hU=",
        "owner": "Warashi",
        "repo": "twist.nix",
        "rev": "767ae10af2270b7d7c7972e2c244505e714679bc",
        "type": "github"
      },
      "original": {
        "owner": "Warashi",
        "ref": "darwin-emacs-app",
        "repo": "twist.nix",
        "type": "github"
      }
    },
    "envrc": {
      "flake": false,
      "locked": {
        "lastModified": 1779118644,
        "narHash": "sha256-rPvW3UZ5hwsA0kGNs7ctLEeP0IsIcVVU0Rq97PX3Oqw=",
        "owner": "purcell",
        "repo": "envrc",
        "rev": "1e63a3db367254897a39251944ba68938ec41020",
        "type": "github"
      },
      "original": {
        "owner": "purcell",
        "repo": "envrc",
        "type": "github"
      }
    },
    "flake-parts": {
      "inputs": {
        "nixpkgs-lib": "nixpkgs-lib"
      },
      "locked": {
        "lastModified": 1782949081,
        "narHash": "sha256-vp6Y/Grm98ESt6ceOkWiHWyZRDV3J1RID4w+6NWK9yA=",
        "owner": "hercules-ci",
        "repo": "flake-parts",
        "rev": "17c9d6cdfc60c64f4ee8d306f9bc0b4ccb51481e",
        "type": "github"
      },
      "original": {
        "owner": "hercules-ci",
        "repo": "flake-parts",
        "type": "github"
      }
    },
    "flake-utils": {
      "inputs": {
        "systems": "systems"
      },
      "locked": {
        "lastModified": 1731533236,
        "narHash": "sha256-l0KFg5HjrsfsO/JpG+r7fRrqm12kzFHyUHqHCVpMMbI=",
        "owner": "numtide",
        "repo": "flake-utils",
        "rev": "11707dc2f618dd54ca8739b309ec4fc024de578b",
        "type": "github"
      },
      "original": {
        "owner": "numtide",
        "repo": "flake-utils",
        "type": "github"
      }
    },
    "fromElisp": {
      "flake": false,
      "locked": {
        "lastModified": 1723987997,
        "narHash": "sha256-OhaVgTG6zjLByzl+uPTvtCld3p2uqgbCXmOl/s3LVRo=",
        "owner": "talyz",
        "repo": "fromElisp",
        "rev": "f071a0e262c02c0895b575c4e322b7fd90713543",
        "type": "github"
      },
      "original": {
        "owner": "talyz",
        "repo": "fromElisp",
        "type": "github"
      }
    },
    "ghostel": {
      "flake": false,
      "locked": {
        "lastModified": 1782478515,
        "narHash": "sha256-havDs3fZENB/ozMWWKQkdsyHUIBIeewmrjL+3xJKM94=",
        "owner": "dakra",
        "repo": "ghostel",
        "rev": "92bfcc57dc85f254ce95dcb51dbdd2411fea5f02",
        "type": "github"
      },
      "original": {
        "owner": "dakra",
        "repo": "ghostel",
        "type": "github"
      }
    },
    "git-hooks": {
      "inputs": {
        "flake-compat": [],
        "nixpkgs": [
          "nixpkgs"
        ]
      },
      "locked": {
        "lastModified": 1783008725,
        "narHash": "sha256-jGiy6+sxjNWXSjp25uoJuNfyH9zBK1PEDY0lVoL4ibQ=",
        "owner": "cachix",
        "repo": "git-hooks.nix",
        "rev": "bca82caa46d5ec0f5d422c61fb1e30bc51313cbe",
        "type": "github"
      },
      "original": {
        "owner": "cachix",
        "repo": "git-hooks.nix",
        "type": "github"
      }
    },
    "gomod2nix": {
      "inputs": {
        "flake-utils": "flake-utils",
        "nixpkgs": [
          "chelly",
          "nixpkgs"
        ]
      },
      "locked": {
        "lastModified": 1770585520,
        "narHash": "sha256-yBz9Ozd5Wb56i3e3cHZ8WcbzCQ9RlVaiW18qDYA/AzA=",
        "owner": "nix-community",
        "repo": "gomod2nix",
        "rev": "1201ddd1279c35497754f016ef33d5e060f3da8d",
        "type": "github"
      },
      "original": {
        "owner": "nix-community",
        "repo": "gomod2nix",
        "type": "github"
      }
    },
    "home-manager": {
      "inputs": {
        "nixpkgs": [
          "nixpkgs"
        ]
      },
      "locked": {
        "lastModified": 1782964450,
        "narHash": "sha256-2rwNd77TzZ4sDDvMam0IXFXN5IfC35mifoeKS0uAc/4=",
        "owner": "nix-community",
        "repo": "home-manager",
        "rev": "ebc87daabc8d3f595e9a8b67107eaaa8115ad582",
        "type": "github"
      },
      "original": {
        "owner": "nix-community",
        "repo": "home-manager",
        "type": "github"
      }
    },
    "inheritenv": {
      "flake": false,
      "locked": {
        "lastModified": 1732024534,
        "narHash": "sha256-qzM7uepVOTQyxJmngiePHVXFdeOw59wGvwiKl3xEDT4=",
        "owner": "purcell",
        "repo": "inheritenv",
        "rev": "b9e67cc20c069539698a9ac54d0e6cc11e616c6f",
        "type": "github"
      },
      "original": {
        "owner": "purcell",
        "repo": "inheritenv",
        "type": "github"
      }
    },
    "llama": {
      "flake": false,
      "locked": {
        "lastModified": 1780325752,
        "narHash": "sha256-c1sk4iVTeDoSGBq6h7VPemdKhYi/P3UfLSJbd3MjyuM=",
        "owner": "tarsius",
        "repo": "llama",
        "rev": "4d4024048053b898a01521046e0f063ee47615b0",
        "type": "github"
      },
      "original": {
        "owner": "tarsius",
        "repo": "llama",
        "type": "github"
      }
    },
    "magit": {
      "flake": false,
      "locked": {
        "lastModified": 1780635359,
        "narHash": "sha256-+107g46DOdSQ7frXmEaawT/RlLJUKYHn7PlgSLPGiPI=",
        "owner": "magit",
        "repo": "magit",
        "rev": "ee1175c1417eaaffe98953d70746fb113f077c1b",
        "type": "github"
      },
      "original": {
        "owner": "magit",
        "repo": "magit",
        "type": "github"
      }
    },
    "magit-section": {
      "flake": false,
      "locked": {
        "lastModified": 1780635359,
        "narHash": "sha256-+107g46DOdSQ7frXmEaawT/RlLJUKYHn7PlgSLPGiPI=",
        "owner": "magit",
        "repo": "magit",
        "rev": "ee1175c1417eaaffe98953d70746fb113f077c1b",
        "type": "github"
      },
      "original": {
        "owner": "magit",
        "repo": "magit",
        "type": "github"
      }
    },
    "msgpack": {
      "flake": false,
      "locked": {
        "lastModified": 1584968399,
        "narHash": "sha256-5pP2uhTvtaLYAuexOXikePLG1UJ7xMW1uMHJfnoqKj0=",
        "owner": "xuchunyang",
        "repo": "msgpack.el",
        "rev": "90e3086f259549b1667a3c5b9aa2d70aaeaa4d3d",
        "type": "github"
      },
      "original": {
        "owner": "xuchunyang",
        "repo": "msgpack.el",
        "type": "github"
      }
    },
    "my-emacs": {
      "inputs": {
        "nixpkgs": [
          "nixpkgs"
        ],
        "org-babel": [
          "org-babel"
        ],
        "twist": [
          "emacs-twist"
        ]
      },
      "locked": {
        "path": "./applications/emacs/twist",
        "type": "path"
      },
      "original": {
        "path": "./applications/emacs/twist",
        "type": "path"
      },
      "parent": []
    },
    "my-emacs-pkgs": {
      "inputs": {
        "age": "age",
        "ccc": "ccc",
        "cdb": "cdb",
        "compat": "compat",
        "cond-let": "cond-let",
        "copilot": "copilot",
        "ddskk": "ddskk",
        "envrc": "envrc",
        "ghostel": "ghostel",
        "inheritenv": "inheritenv",
        "llama": "llama",
        "magit": "magit",
        "magit-section": "magit-section",
        "msgpack": "msgpack",
        "nix-ts-mode": "nix-ts-mode",
        "org": "org",
        "ppp": "ppp",
        "setup": "setup",
        "term-title": "term-title",
        "tramp": "tramp",
        "tramp-rpc": "tramp-rpc",
        "transient": "transient",
        "twist": "twist",
        "with-editor": "with-editor"
      },
      "locked": {
        "path": "./applications/emacs/twist/lock",
        "type": "path"
      },
      "original": {
        "path": "./applications/emacs/twist/lock",
        "type": "path"
      },
      "parent": []
    },
    "nix-ts-mode": {
      "flake": false,
      "locked": {
        "lastModified": 1781872940,
        "narHash": "sha256-PYdoda/lrxpyN3YCM7KejTNha68iiP4a96dOa79NtnY=",
        "owner": "nix-community",
        "repo": "nix-ts-mode",
        "rev": "f256c9237d23c30322b7dbe22042e2f906a70fe6",
        "type": "github"
      },
      "original": {
        "owner": "nix-community",
        "repo": "nix-ts-mode",
        "type": "github"
      }
    },
    "nixpkgs": {
      "locked": {
        "lastModified": 1782821651,
        "narHash": "sha256-D5jO0ME1lA9bDHnd5kVawBwItG/N4oZr3FlXmMzLec8=",
        "owner": "NixOS",
        "repo": "nixpkgs",
        "rev": "e52c192be9d7b2c4bd4aed326c8731b35f8bb75c",
        "type": "github"
      },
      "original": {
        "owner": "NixOS",
        "ref": "nixpkgs-unstable",
        "repo": "nixpkgs",
        "type": "github"
      }
    },
    "nixpkgs-lib": {
      "locked": {
        "lastModified": 1782614948,
        "narHash": "sha256-ePjCwr1sNm9NYUqywL7QfK3JnlS015msC+eBu2zKlp8=",
        "owner": "nix-community",
        "repo": "nixpkgs.lib",
        "rev": "db3f255737b94216eb71cce308e2912cf6bc2d7c",
        "type": "github"
      },
      "original": {
        "owner": "nix-community",
        "repo": "nixpkgs.lib",
        "type": "github"
      }
    },
    "org": {
      "flake": false,
      "locked": {
        "lastModified": 1780148101,
        "narHash": "sha256-WJDHDWEO4S4znQgdJf7Y0//d/eYIEg7oX5uS+qtp4+I=",
        "ref": "bugfix",
        "rev": "0d02d72627428dddf21ec66b1eb87e46c2849ded",
        "revCount": 28646,
        "type": "git",
        "url": "https://git.savannah.gnu.org/git/emacs/org-mode.git"
      },
      "original": {
        "ref": "bugfix",
        "type": "git",
        "url": "https://git.savannah.gnu.org/git/emacs/org-mode.git"
      }
    },
    "org-babel": {
      "locked": {
        "lastModified": 1781216126,
        "narHash": "sha256-f1OICjF3pdRb89ackr20ulKJeTfGnQKXns2mgxOxE00=",
        "owner": "emacs-twist",
        "repo": "org-babel",
        "rev": "e39a14ee977472e15c1c3019b7e00c0da9ecbaa2",
        "type": "github"
      },
      "original": {
        "owner": "emacs-twist",
        "repo": "org-babel",
        "type": "github"
      }
    },
    "ppp": {
      "flake": false,
      "locked": {
        "lastModified": 1778254267,
        "narHash": "sha256-8SBFuOkLYRuvPRuVtdoE70FLBHZITI6vx0PSDb3vImo=",
        "owner": "conao3",
        "repo": "ppp.el",
        "rev": "404b987482f218a483831b95499548ff2550a71e",
        "type": "github"
      },
      "original": {
        "owner": "conao3",
        "repo": "ppp.el",
        "type": "github"
      }
    },
    "root": {
      "inputs": {
        "agent-skills": "agent-skills",
        "chelly": "chelly",
        "darwin": "darwin",
        "devshell": "devshell",
        "direnv-instant": "direnv-instant",
        "disko": "disko",
        "emacs-twist": "emacs-twist",
        "flake-parts": "flake-parts",
        "git-hooks": "git-hooks",
        "home-manager": "home-manager",
        "my-emacs": "my-emacs",
        "my-emacs-pkgs": "my-emacs-pkgs",
        "nixpkgs": "nixpkgs",
        "org-babel": "org-babel",
        "sops-nix": "sops-nix",
        "treefmt-nix": "treefmt-nix"
      }
    },
    "setup": {
      "flake": false,
      "locked": {
        "lastModified": 1761595148,
        "narHash": "sha256-lLeKsLFf1+Bjk6ETq+0Nncw6DPOVxE49cAexdLAr/5U=",
        "ref": "refs/heads/master",
        "rev": "de9b86c6f29cf9888e911924ffc4ce47312320c3",
        "revCount": 224,
        "type": "git",
        "url": "https://codeberg.org/pkal/setup.el"
      },
      "original": {
        "type": "git",
        "url": "https://codeberg.org/pkal/setup.el"
      }
    },
    "sops-nix": {
      "inputs": {
        "nixpkgs": [
          "nixpkgs"
        ]
      },
      "locked": {
        "lastModified": 1782165805,
        "narHash": "sha256-478kKQBvK6SYTOdN2h9jhKJv94nbXRbFMfuL1WshErg=",
        "owner": "Mic92",
        "repo": "sops-nix",
        "rev": "56b24064fdcaedca53553b1a6d607fd23b613a24",
        "type": "github"
      },
      "original": {
        "owner": "Mic92",
        "repo": "sops-nix",
        "type": "github"
      }
    },
    "systems": {
      "locked": {
        "lastModified": 1681028828,
        "narHash": "sha256-Vy1rq5AaRuLzOxct8nz4T6wlgyUR7zLU309k9mBC768=",
        "owner": "nix-systems",
        "repo": "default",
        "rev": "da67096a3b9bf56a91d16901293e51ba5b49a27e",
        "type": "github"
      },
      "original": {
        "owner": "nix-systems",
        "repo": "default",
        "type": "github"
      }
    },
    "term-title": {
      "flake": false,
      "locked": {
        "lastModified": 1641341204,
        "narHash": "sha256-RS3zhlYyK9hh6WtEoLDLAKINriFGzA9V2s+zFuL8o0E=",
        "owner": "CyberShadow",
        "repo": "term-title",
        "rev": "0a891957d4a6e2afc4176b555fc790d4c5bacd05",
        "type": "github"
      },
      "original": {
        "owner": "CyberShadow",
        "repo": "term-title",
        "type": "github"
      }
    },
    "tramp": {
      "flake": false,
      "locked": {
        "lastModified": 1780125111,
        "narHash": "sha256-346eYprvdCpMy3JLUgU7sJRUipi55eH8YAnhGjYgRps=",
        "ref": "externals/tramp",
        "rev": "8283083697197d4f6e36c265253471441350892d",
        "revCount": 113,
        "type": "git",
        "url": "https://git.savannah.gnu.org/git/tramp.git"
      },
      "original": {
        "ref": "externals/tramp",
        "type": "git",
        "url": "https://git.savannah.gnu.org/git/tramp.git"
      }
    },
    "tramp-rpc": {
      "flake": false,
      "locked": {
        "lastModified": 1782337656,
        "narHash": "sha256-Ge5v9QHufbdW79lWoIf/MnItNvBZkGElpUPomvvrSrM=",
        "owner": "ArthurHeymans",
        "repo": "emacs-tramp-rpc",
        "rev": "94db78c00bbd7b9112f946f617dcce989102ce69",
        "type": "github"
      },
      "original": {
        "owner": "ArthurHeymans",
        "repo": "emacs-tramp-rpc",
        "type": "github"
      }
    },
    "transient": {
      "flake": false,
      "locked": {
        "lastModified": 1780327773,
        "narHash": "sha256-zL91ndL+L5kCDHtau1bviulMy+z2PusFBpUfLTtk7iQ=",
        "owner": "magit",
        "repo": "transient",
        "rev": "1856230dc181f23dd15026b0ad21d8b299b034d1",
        "type": "github"
      },
      "original": {
        "owner": "magit",
        "repo": "transient",
        "type": "github"
      }
    },
    "treefmt-nix": {
      "inputs": {
        "nixpkgs": [
          "nixpkgs"
        ]
      },
      "locked": {
        "lastModified": 1780220602,
        "narHash": "sha256-eynAfOmbmxJnkp7YewvCEbShNnnYJ9gLLqkzsYtBPeM=",
        "owner": "numtide",
        "repo": "treefmt-nix",
        "rev": "db947814a175b7ca6ded66e21383d938df01c227",
        "type": "github"
      },
      "original": {
        "owner": "numtide",
        "repo": "treefmt-nix",
        "type": "github"
      }
    },
    "twist": {
      "flake": false,
      "locked": {
        "lastModified": 1700878793,
        "narHash": "sha256-R4wXVq9lb8WuTDdXjtaFiptJgBhKjoiJzUNXtZwkvto=",
        "owner": "emacs-twist",
        "repo": "twist.el",
        "rev": "cc49891252ae060656bb859ca5bc49a5dcb47b40",
        "type": "github"
      },
      "original": {
        "owner": "emacs-twist",
        "repo": "twist.el",
        "type": "github"
      }
    },
    "with-editor": {
      "flake": false,
      "locked": {
        "lastModified": 1780327589,
        "narHash": "sha256-QCuTIq1cZrnQCu3ryfdDK7CgEgev4DBb39eW9eaxtTM=",
        "owner": "magit",
        "repo": "with-editor",
        "rev": "cdf2ac2314042243fae385bb8c2821ec9c3888ae",
        "type": "github"
      },
      "original": {
        "owner": "magit",
        "repo": "with-editor",
        "type": "github"
      }
    }
  },
  "root": "root",
  "version": 7
}
