{
  "nodes": {
    "acp": {
      "flake": false,
      "locked": {
        "lastModified": 1787909869,
        "narHash": "sha256-2hdGRiWWUySiFDhpcoA8diJa4C/dvbV98qgZFRbd4js=",
        "owner": "xenodium",
        "repo": "acp.el",
        "rev": "42f5c268537220b94cb1f17e29d3f1f89e6ff0a0",
        "type": "github"
      },
      "original": {
        "owner": "xenodium",
        "repo": "acp.el",
        "type": "github"
      }
    },
    "age": {
      "flake": false,
      "locked": {
        "lastModified": 1754501019,
        "narHash": "sha256-cO3GpmI71XaA/l3e6wZjZvnzdGWhIXucY+pJGVWaLic=",
        "owner": "anticomputer",
        "repo": "age.el",
        "rev": "e99165ef5274bc4512b8d77ba2ac208c59b5d456",
        "type": "github"
      },
      "original": {
        "owner": "anticomputer",
        "repo": "age.el",
        "type": "github"
      }
    },
    "agent-shell": {
      "flake": false,
      "locked": {
        "lastModified": 1788364291,
        "narHash": "sha256-GSEW9LdzPalikaHlfxEhBcQkaeDvWdGAdUbyjIU7P1g=",
        "owner": "xenodium",
        "repo": "agent-shell",
        "rev": "d027d8de2b74019ae83e36b1edcd0b968295ac31",
        "type": "github"
      },
      "original": {
        "owner": "xenodium",
        "repo": "agent-shell",
        "type": "github"
      }
    },
    "agent-shell-tramp": {
      "flake": false,
      "locked": {
        "lastModified": 1783182127,
        "narHash": "sha256-J4TBVkhlaso+TQvFLBwnWqGu5q2eCW8978mYuD1BbqM=",
        "owner": "junyi-hou",
        "repo": "agent-shell-tramp",
        "rev": "14560d42440c17d9b59fc18d304687641ddf06e5",
        "type": "github"
      },
      "original": {
        "owner": "junyi-hou",
        "repo": "agent-shell-tramp",
        "type": "github"
      }
    },
    "ccc": {
      "flake": false,
      "locked": {
        "lastModified": 1774790227,
        "narHash": "sha256-4X7pAXJZoaF8hUfefyXo8r3ggDvsaHy1pockndTUsds=",
        "owner": "skk-dev",
        "repo": "ddskk",
        "rev": "e8bf68b27021c29781dbfa6a8ef7b770565bdb5b",
        "type": "github"
      },
      "original": {
        "owner": "skk-dev",
        "repo": "ddskk",
        "type": "github"
      }
    },
    "cdb": {
      "flake": false,
      "locked": {
        "lastModified": 1774790227,
        "narHash": "sha256-4X7pAXJZoaF8hUfefyXo8r3ggDvsaHy1pockndTUsds=",
        "owner": "skk-dev",
        "repo": "ddskk",
        "rev": "e8bf68b27021c29781dbfa6a8ef7b770565bdb5b",
        "type": "github"
      },
      "original": {
        "owner": "skk-dev",
        "repo": "ddskk",
        "type": "github"
      }
    },
    "compat": {
      "flake": false,
      "locked": {
        "lastModified": 1787600186,
        "narHash": "sha256-PTXi22JGF6pSaNC5skwYmpMNiPeapao18bSJt8UyFRY=",
        "owner": "emacs-compat",
        "repo": "compat",
        "rev": "3e24d9740a5dc103ef40b148520e0187b19b8902",
        "type": "github"
      },
      "original": {
        "owner": "emacs-compat",
        "repo": "compat",
        "type": "github"
      }
    },
    "cond-let": {
      "flake": false,
      "locked": {
        "lastModified": 1788260845,
        "narHash": "sha256-L0wGwvQiHivFkBCMGaSSFMLnhq//EY790b/F7DqewSM=",
        "owner": "tarsius",
        "repo": "cond-let",
        "rev": "3b88187fe067d4ca3dec3ef8a329b0ce18bdb356",
        "type": "github"
      },
      "original": {
        "owner": "tarsius",
        "repo": "cond-let",
        "type": "github"
      }
    },
    "consult": {
      "flake": false,
      "locked": {
        "lastModified": 1788019124,
        "narHash": "sha256-kKTWFFz2A3dGTTX7hLKMpep6v8nd0MZBkvpzHdnfJh0=",
        "owner": "minad",
        "repo": "consult",
        "rev": "3a2441ddb08d9897eb266cda4935fa91a767e1d5",
        "type": "github"
      },
      "original": {
        "owner": "minad",
        "repo": "consult",
        "type": "github"
      }
    },
    "consult-ghq": {
      "flake": false,
      "locked": {
        "lastModified": 1699707813,
        "narHash": "sha256-kLF06zQSLb1fZGKZ3XWJoPoSiIR4MzRV8ujpd/v5a/8=",
        "owner": "tomoya",
        "repo": "consult-ghq",
        "rev": "65a99980fb313d473376542cb87464a8a44ff25e",
        "type": "github"
      },
      "original": {
        "owner": "tomoya",
        "repo": "consult-ghq",
        "type": "github"
      }
    },
    "copilot": {
      "flake": false,
      "locked": {
        "lastModified": 1783401376,
        "narHash": "sha256-LYjZeBpQ8UOGoiFETyDF85fOFhKH1aQ/YwCOPfaARjo=",
        "owner": "copilot-emacs",
        "repo": "copilot.el",
        "rev": "277ca357422ba34bcf7fe650cb720580994eea84",
        "type": "github"
      },
      "original": {
        "owner": "copilot-emacs",
        "repo": "copilot.el",
        "type": "github"
      }
    },
    "corfu": {
      "flake": false,
      "locked": {
        "lastModified": 1787909567,
        "narHash": "sha256-jc2cNEq3HG7/HIPt1R35IPs+ntg7c0kAXLaY5sKIIAU=",
        "owner": "minad",
        "repo": "corfu",
        "rev": "c68f993d2df82bfab8a973c6f1af047dc3543093",
        "type": "github"
      },
      "original": {
        "owner": "minad",
        "repo": "corfu",
        "type": "github"
      }
    },
    "dash": {
      "flake": false,
      "locked": {
        "lastModified": 1786384982,
        "narHash": "sha256-t1vs+EbWwHx+cCYTQnoLoE3R+qou+cP2tn4lTazCZyU=",
        "owner": "magnars",
        "repo": "dash.el",
        "rev": "d746dd9edcb67a108818beb0cdc78dc1cb466832",
        "type": "github"
      },
      "original": {
        "owner": "magnars",
        "repo": "dash.el",
        "type": "github"
      }
    },
    "ddskk": {
      "flake": false,
      "locked": {
        "lastModified": 1774790227,
        "narHash": "sha256-4X7pAXJZoaF8hUfefyXo8r3ggDvsaHy1pockndTUsds=",
        "owner": "skk-dev",
        "repo": "ddskk",
        "rev": "e8bf68b27021c29781dbfa6a8ef7b770565bdb5b",
        "type": "github"
      },
      "original": {
        "owner": "skk-dev",
        "repo": "ddskk",
        "type": "github"
      }
    },
    "el-job": {
      "flake": false,
      "locked": {
        "lastModified": 1772779395,
        "narHash": "sha256-AQ/e2vNCt9s8mzq+X/ujwBg2aqfeWtVDlkSU56dYltM=",
        "owner": "meedstrom",
        "repo": "el-job",
        "rev": "8b21c8f9a47a71102bf4ec08504b044aeab880fe",
        "type": "github"
      },
      "original": {
        "owner": "meedstrom",
        "repo": "el-job",
        "type": "github"
      }
    },
    "ellama": {
      "flake": false,
      "locked": {
        "lastModified": 1786570562,
        "narHash": "sha256-DMKlyeLvE9QvKg44apJC7+mSi3aeJnlCZ4XkNLO6rl0=",
        "owner": "s-kostyaev",
        "repo": "ellama",
        "rev": "a86e9154ae88907d3de2710195810cda986ef0d8",
        "type": "github"
      },
      "original": {
        "owner": "s-kostyaev",
        "repo": "ellama",
        "type": "github"
      }
    },
    "envrc": {
      "flake": false,
      "locked": {
        "lastModified": 1788443980,
        "narHash": "sha256-W+Q/3MNIRA04CoMcBhtoHn0bChumNcS1BvlpOos0nMg=",
        "owner": "purcell",
        "repo": "envrc",
        "rev": "64944dab7991ae571caa5303cf324be91d9e8171",
        "type": "github"
      },
      "original": {
        "owner": "purcell",
        "repo": "envrc",
        "type": "github"
      }
    },
    "exec-path-from-shell": {
      "flake": false,
      "locked": {
        "lastModified": 1781870398,
        "narHash": "sha256-aQ9eOqRu1pYTPF/Wqo/XDMcFiHVp6dRZLZ7rsRuSy7Q=",
        "owner": "purcell",
        "repo": "exec-path-from-shell",
        "rev": "6146fdc16e9882df270be7e58ae8d628032d6bc4",
        "type": "github"
      },
      "original": {
        "owner": "purcell",
        "repo": "exec-path-from-shell",
        "type": "github"
      }
    },
    "f": {
      "flake": false,
      "locked": {
        "lastModified": 1727955076,
        "narHash": "sha256-rDUl2oUlcnSjNbFZn9A/80RVk6neaTScw2kvh6FjmTE=",
        "owner": "rejeep",
        "repo": "f.el",
        "rev": "931b6d0667fe03e7bf1c6c282d6d8d7006143c52",
        "type": "github"
      },
      "original": {
        "owner": "rejeep",
        "repo": "f.el",
        "type": "github"
      }
    },
    "fish-completion": {
      "flake": false,
      "locked": {
        "lastModified": 1716041019,
        "narHash": "sha256-cd9mJUFbBSX9gr/ePsCL/8hH8dFgHGnP54F8CxPuSlA=",
        "owner": "LemonBreezes",
        "repo": "emacs-fish-completion",
        "rev": "1256f137a2039805d4e87f8e6c11a162ed019587",
        "type": "github"
      },
      "original": {
        "owner": "LemonBreezes",
        "repo": "emacs-fish-completion",
        "type": "github"
      }
    },
    "fish-mode": {
      "flake": false,
      "locked": {
        "lastModified": 1706530431,
        "narHash": "sha256-hkBKYCP3plY4zdBPqx0Ucfu3D+cEmBtgWHSXT+ckTtg=",
        "owner": "wwwjfy",
        "repo": "emacs-fish",
        "rev": "2526b1803b58cf145bc70ff6ce2adb3f6c246f89",
        "type": "github"
      },
      "original": {
        "owner": "wwwjfy",
        "repo": "emacs-fish",
        "type": "github"
      }
    },
    "ghostel": {
      "flake": false,
      "locked": {
        "lastModified": 1788371589,
        "narHash": "sha256-ZzRf/3QoG499S2bJhA+wnphqX0KDiY+Pe7yENKh8AV4=",
        "owner": "dakra",
        "repo": "ghostel",
        "rev": "2bea18f3b52bf97d8222fea706da6fabdfc2cbb8",
        "type": "github"
      },
      "original": {
        "owner": "dakra",
        "repo": "ghostel",
        "type": "github"
      }
    },
    "hcl-mode": {
      "flake": false,
      "locked": {
        "lastModified": 1728982426,
        "narHash": "sha256-1j23lOoGM7pML2M0LXGKIVKjCmAtf4/J43l8JpPEfXI=",
        "owner": "hcl-emacs",
        "repo": "hcl-mode",
        "rev": "1da895ed75d28d9f87cbf9b74f075d90ba31c0ed",
        "type": "github"
      },
      "original": {
        "owner": "hcl-emacs",
        "repo": "hcl-mode",
        "type": "github"
      }
    },
    "inheritenv": {
      "flake": false,
      "locked": {
        "lastModified": 1732024534,
        "narHash": "sha256-qzM7uepVOTQyxJmngiePHVXFdeOw59wGvwiKl3xEDT4=",
        "owner": "purcell",
        "repo": "inheritenv",
        "rev": "b9e67cc20c069539698a9ac54d0e6cc11e616c6f",
        "type": "github"
      },
      "original": {
        "owner": "purcell",
        "repo": "inheritenv",
        "type": "github"
      }
    },
    "just-ts-mode": {
      "flake": false,
      "locked": {
        "lastModified": 1784214855,
        "narHash": "sha256-Fzzcd4lHNX4HXpFN7ezO8ISMY2LgMaTpRaVXYBD9j2o=",
        "owner": "leon-barrett",
        "repo": "just-ts-mode.el",
        "rev": "6b4b23fcc6f0f0d0903e84c51771d43c06a00771",
        "type": "github"
      },
      "original": {
        "owner": "leon-barrett",
        "repo": "just-ts-mode.el",
        "type": "github"
      }
    },
    "justl": {
      "flake": false,
      "locked": {
        "lastModified": 1782793168,
        "narHash": "sha256-aKKPNzxSypY4qsVQrBCsnd0Yxi6PsAS1fazKnnlHP9Y=",
        "owner": "psibi",
        "repo": "justl.el",
        "rev": "2603c5b45105514dc3190a00278879688d34cbc3",
        "type": "github"
      },
      "original": {
        "owner": "psibi",
        "repo": "justl.el",
        "type": "github"
      }
    },
    "kkp": {
      "flake": false,
      "locked": {
        "lastModified": 1783328329,
        "narHash": "sha256-33gsb8qumnYikvi6K9kNOlXRd9OJXnxLRR4KK0XjPII=",
        "owner": "benotn",
        "repo": "kkp",
        "rev": "82b7443e10a2ba287467b62e90b6adb6dd93dc99",
        "type": "github"
      },
      "original": {
        "owner": "benotn",
        "repo": "kkp",
        "type": "github"
      }
    },
    "llama": {
      "flake": false,
      "locked": {
        "lastModified": 1780325752,
        "narHash": "sha256-c1sk4iVTeDoSGBq6h7VPemdKhYi/P3UfLSJbd3MjyuM=",
        "owner": "tarsius",
        "repo": "llama",
        "rev": "4d4024048053b898a01521046e0f063ee47615b0",
        "type": "github"
      },
      "original": {
        "owner": "tarsius",
        "repo": "llama",
        "type": "github"
      }
    },
    "llm": {
      "flake": false,
      "locked": {
        "lastModified": 1787432815,
        "narHash": "sha256-mkshj4LXpt6RcaqBQI+i3lluRBNki+VT7AhAo9chVzY=",
        "owner": "ahyatt",
        "repo": "llm",
        "rev": "90e67fc4dfe3fae5b00e7cf6bb68137ac8c441a1",
        "type": "github"
      },
      "original": {
        "owner": "ahyatt",
        "repo": "llm",
        "type": "github"
      }
    },
    "magit": {
      "flake": false,
      "locked": {
        "lastModified": 1788286232,
        "narHash": "sha256-qtyWNZtRNRqbcJxT3ZbKMNz7Y6QgT/bPC/wRHDzABiY=",
        "owner": "magit",
        "repo": "magit",
        "rev": "659f89955cf60fe3d4326d881c412df06c69680d",
        "type": "github"
      },
      "original": {
        "owner": "magit",
        "repo": "magit",
        "type": "github"
      }
    },
    "magit-section": {
      "flake": false,
      "locked": {
        "lastModified": 1788286232,
        "narHash": "sha256-qtyWNZtRNRqbcJxT3ZbKMNz7Y6QgT/bPC/wRHDzABiY=",
        "owner": "magit",
        "repo": "magit",
        "rev": "659f89955cf60fe3d4326d881c412df06c69680d",
        "type": "github"
      },
      "original": {
        "owner": "magit",
        "repo": "magit",
        "type": "github"
      }
    },
    "marginalia": {
      "flake": false,
      "locked": {
        "lastModified": 1788173728,
        "narHash": "sha256-A/GgnM98eQ4JzXWYFRca9XrcT3vRuqhcNZ6xeQHuMHI=",
        "owner": "minad",
        "repo": "marginalia",
        "rev": "d76d7e36185ab552240c14fb08f7abcbf9a2910c",
        "type": "github"
      },
      "original": {
        "owner": "minad",
        "repo": "marginalia",
        "type": "github"
      }
    },
    "md-mode": {
      "flake": false,
      "locked": {
        "lastModified": 1788139544,
        "narHash": "sha256-nElm1cDdVD6h0nr6RKi1ureNnx+KwOFcYza9qFYlp/w=",
        "owner": "yibie",
        "repo": "md-mode",
        "rev": "eaf9be73d737020db3a1075216e354dec500b1e1",
        "type": "github"
      },
      "original": {
        "owner": "yibie",
        "repo": "md-mode",
        "type": "github"
      }
    },
    "msgpack": {
      "flake": false,
      "locked": {
        "lastModified": 1783353305,
        "narHash": "sha256-XMNaHjNx3E/HbqNyqSfotIq5YpUMydUX6d9et2VE+SI=",
        "owner": "xuchunyang",
        "repo": "msgpack.el",
        "rev": "5353a7b2da854c843cbec4536996242001f63471",
        "type": "github"
      },
      "original": {
        "owner": "xuchunyang",
        "repo": "msgpack.el",
        "type": "github"
      }
    },
    "nix-ts-mode": {
      "flake": false,
      "locked": {
        "lastModified": 1786638012,
        "narHash": "sha256-a0fFqOv758zahLvYXDgcL9+VM19SyvV4zmdFPHWiTXE=",
        "owner": "nix-community",
        "repo": "nix-ts-mode",
        "rev": "09c89886a22b8e37ac0de9210ff5b2b79c520fd7",
        "type": "github"
      },
      "original": {
        "owner": "nix-community",
        "repo": "nix-ts-mode",
        "type": "github"
      }
    },
    "nskk": {
      "flake": false,
      "locked": {
        "lastModified": 1788068018,
        "narHash": "sha256-BTJYmJdvs0Nmk1QQ6h25LCfLSF2nCZ6C5q3lTyRqKkw=",
        "owner": "takeokunn",
        "repo": "nskk.el",
        "rev": "d19559b08835f6e9901a8f611526a1c9f9717114",
        "type": "github"
      },
      "original": {
        "owner": "takeokunn",
        "repo": "nskk.el",
        "type": "github"
      }
    },
    "orderless": {
      "flake": false,
      "locked": {
        "lastModified": 1788090983,
        "narHash": "sha256-QUDTahNzzebICxd9zFy4aww04I74+VbhyQp62O0FkYY=",
        "owner": "oantolin",
        "repo": "orderless",
        "rev": "51f677f464424ce3c46e3deacb7709784795a03b",
        "type": "github"
      },
      "original": {
        "owner": "oantolin",
        "repo": "orderless",
        "type": "github"
      }
    },
    "org": {
      "flake": false,
      "locked": {
        "lastModified": 1787989787,
        "narHash": "sha256-ZfJOT9pbfeDxeb7bXeM4uk0bcxnOjGTvzWwUktgjxgQ=",
        "owner": "bzg",
        "repo": "org-mode",
        "rev": "80c431fe0c59bb6b6c4d05ad2d4d279f34b5fcd5",
        "type": "github"
      },
      "original": {
        "owner": "bzg",
        "ref": "bugfix",
        "repo": "org-mode",
        "type": "github"
      }
    },
    "org-mem": {
      "flake": false,
      "locked": {
        "lastModified": 1774525557,
        "narHash": "sha256-TGuuoaCABgLTHDPfx0/MmHN7JoS4c2M+eAiJ8X3SgiU=",
        "owner": "meedstrom",
        "repo": "org-mem",
        "rev": "07094dac902e452d59533e4d01e8177afaa0cfd1",
        "type": "github"
      },
      "original": {
        "owner": "meedstrom",
        "repo": "org-mem",
        "type": "github"
      }
    },
    "org-node": {
      "flake": false,
      "locked": {
        "lastModified": 1787141096,
        "narHash": "sha256-ZiBfqNT0+yswP/5HmrkVStoBHZ5Pls/27pcjwU62Pfc=",
        "owner": "meedstrom",
        "repo": "org-node",
        "rev": "7466daf5ec82504eab0fe2a68652830776f0baa8",
        "type": "github"
      },
      "original": {
        "owner": "meedstrom",
        "repo": "org-node",
        "type": "github"
      }
    },
    "plz": {
      "flake": false,
      "locked": {
        "lastModified": 1723842760,
        "narHash": "sha256-GRdYTm+7lslbfiMzT3xFKWiekQrYXWW8RXkuThDPL/Y=",
        "owner": "alphapapa",
        "repo": "plz.el",
        "rev": "c579f039ffdb52ff61775ff25510a9c26e25d0c5",
        "type": "github"
      },
      "original": {
        "owner": "alphapapa",
        "ref": "stable",
        "repo": "plz.el",
        "type": "github"
      }
    },
    "plz-event-source": {
      "flake": false,
      "locked": {
        "lastModified": 1744536667,
        "narHash": "sha256-tK0/eXnOQe+IO853Q0Hf1Usu1OOPn2BoNWH7pee+A7o=",
        "owner": "r0man",
        "repo": "plz-event-source",
        "rev": "de89214ce14e2b82cbfdc30e1adcf3e77b1f250a",
        "type": "github"
      },
      "original": {
        "owner": "r0man",
        "repo": "plz-event-source",
        "type": "github"
      }
    },
    "plz-media-type": {
      "flake": false,
      "locked": {
        "lastModified": 1744452044,
        "narHash": "sha256-Ehcz6umf9pMNuUR9w/FE2Nodr0bPdule62rZWMEXLEw=",
        "owner": "r0man",
        "repo": "plz-media-type",
        "rev": "b1127982d53affff082447030cda6e8ead3899cb",
        "type": "github"
      },
      "original": {
        "owner": "r0man",
        "repo": "plz-media-type",
        "type": "github"
      }
    },
    "ppp": {
      "flake": false,
      "locked": {
        "lastModified": 1778254267,
        "narHash": "sha256-8SBFuOkLYRuvPRuVtdoE70FLBHZITI6vx0PSDb3vImo=",
        "owner": "conao3",
        "repo": "ppp.el",
        "rev": "404b987482f218a483831b95499548ff2550a71e",
        "type": "github"
      },
      "original": {
        "owner": "conao3",
        "repo": "ppp.el",
        "type": "github"
      }
    },
    "puni": {
      "flake": false,
      "locked": {
        "lastModified": 1779204424,
        "narHash": "sha256-LwGNrSrY8Ff13xYx9B7zI81YmKQHX8IwfXJEyaFVzV8=",
        "owner": "AmaiKinono",
        "repo": "puni",
        "rev": "04819e0bad5ed62af9e412ef9715b33bb1edc3ba",
        "type": "github"
      },
      "original": {
        "owner": "AmaiKinono",
        "repo": "puni",
        "type": "github"
      }
    },
    "root": {
      "inputs": {
        "acp": "acp",
        "age": "age",
        "agent-shell": "agent-shell",
        "agent-shell-tramp": "agent-shell-tramp",
        "ccc": "ccc",
        "cdb": "cdb",
        "compat": "compat",
        "cond-let": "cond-let",
        "consult": "consult",
        "consult-ghq": "consult-ghq",
        "copilot": "copilot",
        "corfu": "corfu",
        "dash": "dash",
        "ddskk": "ddskk",
        "el-job": "el-job",
        "ellama": "ellama",
        "envrc": "envrc",
        "exec-path-from-shell": "exec-path-from-shell",
        "f": "f",
        "fish-completion": "fish-completion",
        "fish-mode": "fish-mode",
        "ghostel": "ghostel",
        "hcl-mode": "hcl-mode",
        "inheritenv": "inheritenv",
        "just-ts-mode": "just-ts-mode",
        "justl": "justl",
        "kkp": "kkp",
        "llama": "llama",
        "llm": "llm",
        "magit": "magit",
        "magit-section": "magit-section",
        "marginalia": "marginalia",
        "md-mode": "md-mode",
        "msgpack": "msgpack",
        "nix-ts-mode": "nix-ts-mode",
        "nskk": "nskk",
        "orderless": "orderless",
        "org": "org",
        "org-mem": "org-mem",
        "org-node": "org-node",
        "plz": "plz",
        "plz-event-source": "plz-event-source",
        "plz-media-type": "plz-media-type",
        "ppp": "ppp",
        "puni": "puni",
        "s": "s",
        "setup": "setup",
        "shell-maker": "shell-maker",
        "term-title": "term-title",
        "terraform-mode": "terraform-mode",
        "tramp": "tramp",
        "tramp-rpc": "tramp-rpc",
        "transient": "transient",
        "truename-cache": "truename-cache",
        "twist": "twist",
        "vertico": "vertico",
        "with-editor": "with-editor",
        "yaml": "yaml"
      }
    },
    "s": {
      "flake": false,
      "locked": {
        "lastModified": 1785632874,
        "narHash": "sha256-C6T1Fh0t0YvcoMbTQpa3iRIMM0MV0f5HaZDhvmi/YaA=",
        "owner": "magnars",
        "repo": "s.el",
        "rev": "d7c04b84d03481a1ed62ee13dbe595224ccbe57c",
        "type": "github"
      },
      "original": {
        "owner": "magnars",
        "repo": "s.el",
        "type": "github"
      }
    },
    "setup": {
      "flake": false,
      "locked": {
        "lastModified": 1761595148,
        "narHash": "sha256-lLeKsLFf1+Bjk6ETq+0Nncw6DPOVxE49cAexdLAr/5U=",
        "ref": "refs/heads/master",
        "rev": "de9b86c6f29cf9888e911924ffc4ce47312320c3",
        "shallow": true,
        "type": "git",
        "url": "https://codeberg.org/pkal/setup.el"
      },
      "original": {
        "shallow": true,
        "type": "git",
        "url": "https://codeberg.org/pkal/setup.el"
      }
    },
    "shell-maker": {
      "flake": false,
      "locked": {
        "lastModified": 1787229912,
        "narHash": "sha256-OT2aGY/7fc1c0qAqAMp7L7TDJSdRRniBWjNv3WmPMYc=",
        "owner": "xenodium",
        "repo": "shell-maker",
        "rev": "ab4f8ebaf4ef7a7db4762c5d5075baea580044ba",
        "type": "github"
      },
      "original": {
        "owner": "xenodium",
        "repo": "shell-maker",
        "type": "github"
      }
    },
    "term-title": {
      "flake": false,
      "locked": {
        "lastModified": 1641341204,
        "narHash": "sha256-RS3zhlYyK9hh6WtEoLDLAKINriFGzA9V2s+zFuL8o0E=",
        "owner": "CyberShadow",
        "repo": "term-title",
        "rev": "0a891957d4a6e2afc4176b555fc790d4c5bacd05",
        "type": "github"
      },
      "original": {
        "owner": "CyberShadow",
        "repo": "term-title",
        "type": "github"
      }
    },
    "terraform-mode": {
      "flake": false,
      "locked": {
        "lastModified": 1763244647,
        "narHash": "sha256-NvMICA4oxw88bN5cfPt+ZNmuDGITR4Uz1/RBZ8QEYg0=",
        "owner": "hcl-emacs",
        "repo": "terraform-mode",
        "rev": "01635df3625c0cec2bb4613a6f920b8569d41009",
        "type": "github"
      },
      "original": {
        "owner": "hcl-emacs",
        "repo": "terraform-mode",
        "type": "github"
      }
    },
    "tramp": {
      "flake": false,
      "locked": {
        "lastModified": 1788076445,
        "narHash": "sha256-9JPoe6Qxu6DlIrHLwTLMgVlYvDcqf4liHdwoTBKauHA=",
        "ref": "externals/tramp",
        "rev": "665e7acb0b119b43bf4928abc5aeb228553901b0",
        "shallow": true,
        "type": "git",
        "url": "https://git.savannah.gnu.org/git/tramp.git"
      },
      "original": {
        "ref": "externals/tramp",
        "shallow": true,
        "type": "git",
        "url": "https://git.savannah.gnu.org/git/tramp.git"
      }
    },
    "tramp-rpc": {
      "flake": false,
      "locked": {
        "lastModified": 1788326185,
        "narHash": "sha256-T1tQKt1hkv4jPJFLo8rFi3W3lhSL3byD9tssJHzLVkI=",
        "owner": "ArthurHeymans",
        "repo": "emacs-tramp-rpc",
        "rev": "19431371b5fb8f037cbacc42f118def95dfb8178",
        "type": "github"
      },
      "original": {
        "owner": "ArthurHeymans",
        "repo": "emacs-tramp-rpc",
        "type": "github"
      }
    },
    "transient": {
      "flake": false,
      "locked": {
        "lastModified": 1788274315,
        "narHash": "sha256-v8ur7iVn2GhnmRvjV/OWa97g2mktbIwWQ/yOYoEynOA=",
        "owner": "magit",
        "repo": "transient",
        "rev": "0cacc84ff0c7df126e194666ff8b8a1e6082e796",
        "type": "github"
      },
      "original": {
        "owner": "magit",
        "repo": "transient",
        "type": "github"
      }
    },
    "truename-cache": {
      "flake": false,
      "locked": {
        "lastModified": 1785058018,
        "narHash": "sha256-lsDGxdtLOHviMzSe2kKJntM959E0UtWAsd51kF4aXiw=",
        "owner": "meedstrom",
        "repo": "truename-cache",
        "rev": "5de00fbb6df3e3636095dc02d5c726f200213753",
        "type": "github"
      },
      "original": {
        "owner": "meedstrom",
        "repo": "truename-cache",
        "type": "github"
      }
    },
    "twist": {
      "flake": false,
      "locked": {
        "lastModified": 1700878793,
        "narHash": "sha256-R4wXVq9lb8WuTDdXjtaFiptJgBhKjoiJzUNXtZwkvto=",
        "owner": "emacs-twist",
        "repo": "twist.el",
        "rev": "cc49891252ae060656bb859ca5bc49a5dcb47b40",
        "type": "github"
      },
      "original": {
        "owner": "emacs-twist",
        "repo": "twist.el",
        "type": "github"
      }
    },
    "vertico": {
      "flake": false,
      "locked": {
        "lastModified": 1788053015,
        "narHash": "sha256-RGNIFwbFciYlPEdHlxcOP6tql1SQtdgsl7s4QGhSumA=",
        "owner": "minad",
        "repo": "vertico",
        "rev": "cd2eb6daff6a5a68a11740aa363729ec6f8702d3",
        "type": "github"
      },
      "original": {
        "owner": "minad",
        "repo": "vertico",
        "type": "github"
      }
    },
    "with-editor": {
      "flake": false,
      "locked": {
        "lastModified": 1788273327,
        "narHash": "sha256-j/BA923d9SyMCcGjnzxR9jcY53VTI+oSXFfJhe2plbE=",
        "owner": "magit",
        "repo": "with-editor",
        "rev": "5021ef6885381cf5b2852f7a3f67ca8c4be1dca2",
        "type": "github"
      },
      "original": {
        "owner": "magit",
        "repo": "with-editor",
        "type": "github"
      }
    },
    "yaml": {
      "flake": false,
      "locked": {
        "lastModified": 1780648466,
        "narHash": "sha256-pUmUPrMC+LOzo66ET+mu+cZQ4qBV5bebPxkg+xCFRxs=",
        "owner": "zkry",
        "repo": "yaml.el",
        "rev": "5546f36bde24a9a8c1934e0f6ce205cd41d72537",
        "type": "github"
      },
      "original": {
        "owner": "zkry",
        "repo": "yaml.el",
        "type": "github"
      }
    }
  },
  "root": "root",
  "version": 7
}
