{
  "nodes": {
    "age": {
      "flake": false,
      "locked": {
        "lastModified": 1754501019,
        "narHash": "sha256-cO3GpmI71XaA/l3e6wZjZvnzdGWhIXucY+pJGVWaLic=",
        "owner": "anticomputer",
        "repo": "age.el",
        "rev": "e99165ef5274bc4512b8d77ba2ac208c59b5d456",
        "type": "github"
      },
      "original": {
        "owner": "anticomputer",
        "repo": "age.el",
        "type": "github"
      }
    },
    "ccc": {
      "flake": false,
      "locked": {
        "lastModified": 1774790227,
        "narHash": "sha256-4X7pAXJZoaF8hUfefyXo8r3ggDvsaHy1pockndTUsds=",
        "owner": "skk-dev",
        "repo": "ddskk",
        "rev": "e8bf68b27021c29781dbfa6a8ef7b770565bdb5b",
        "type": "github"
      },
      "original": {
        "owner": "skk-dev",
        "repo": "ddskk",
        "type": "github"
      }
    },
    "cdb": {
      "flake": false,
      "locked": {
        "lastModified": 1774790227,
        "narHash": "sha256-4X7pAXJZoaF8hUfefyXo8r3ggDvsaHy1pockndTUsds=",
        "owner": "skk-dev",
        "repo": "ddskk",
        "rev": "e8bf68b27021c29781dbfa6a8ef7b770565bdb5b",
        "type": "github"
      },
      "original": {
        "owner": "skk-dev",
        "repo": "ddskk",
        "type": "github"
      }
    },
    "compat": {
      "flake": false,
      "locked": {
        "lastModified": 1780727853,
        "narHash": "sha256-rRgP/3E2zi6qQtf6e+Cr6V3U/xxYRnAS/T7c+YI/CyY=",
        "owner": "emacs-compat",
        "repo": "compat",
        "rev": "a0d646554730471579de8b33b0194077fd05abe1",
        "type": "github"
      },
      "original": {
        "owner": "emacs-compat",
        "repo": "compat",
        "type": "github"
      }
    },
    "cond-let": {
      "flake": false,
      "locked": {
        "lastModified": 1780325861,
        "narHash": "sha256-jn6NaBY1I6QWKDJXKJsRvrxqSTldKjaSVqD8ZdA7oKA=",
        "owner": "tarsius",
        "repo": "cond-let",
        "rev": "21b9e9835756ff5cd1acb971cf9eb56fff671c8b",
        "type": "github"
      },
      "original": {
        "owner": "tarsius",
        "repo": "cond-let",
        "type": "github"
      }
    },
    "copilot": {
      "flake": false,
      "locked": {
        "lastModified": 1774941222,
        "narHash": "sha256-hXZsu/pDE0/Li+GcFbC9ObbY4N1sVWDZ48CJfDrJmL4=",
        "owner": "copilot-emacs",
        "repo": "copilot.el",
        "rev": "ab5c58bc969f52f6d75e972658f2c3381c70b4fa",
        "type": "github"
      },
      "original": {
        "owner": "copilot-emacs",
        "repo": "copilot.el",
        "type": "github"
      }
    },
    "ddskk": {
      "flake": false,
      "locked": {
        "lastModified": 1774790227,
        "narHash": "sha256-4X7pAXJZoaF8hUfefyXo8r3ggDvsaHy1pockndTUsds=",
        "owner": "skk-dev",
        "repo": "ddskk",
        "rev": "e8bf68b27021c29781dbfa6a8ef7b770565bdb5b",
        "type": "github"
      },
      "original": {
        "owner": "skk-dev",
        "repo": "ddskk",
        "type": "github"
      }
    },
    "envrc": {
      "flake": false,
      "locked": {
        "lastModified": 1779118644,
        "narHash": "sha256-rPvW3UZ5hwsA0kGNs7ctLEeP0IsIcVVU0Rq97PX3Oqw=",
        "owner": "purcell",
        "repo": "envrc",
        "rev": "1e63a3db367254897a39251944ba68938ec41020",
        "type": "github"
      },
      "original": {
        "owner": "purcell",
        "repo": "envrc",
        "type": "github"
      }
    },
    "inheritenv": {
      "flake": false,
      "locked": {
        "lastModified": 1732024534,
        "narHash": "sha256-qzM7uepVOTQyxJmngiePHVXFdeOw59wGvwiKl3xEDT4=",
        "owner": "purcell",
        "repo": "inheritenv",
        "rev": "b9e67cc20c069539698a9ac54d0e6cc11e616c6f",
        "type": "github"
      },
      "original": {
        "owner": "purcell",
        "repo": "inheritenv",
        "type": "github"
      }
    },
    "llama": {
      "flake": false,
      "locked": {
        "lastModified": 1780325752,
        "narHash": "sha256-c1sk4iVTeDoSGBq6h7VPemdKhYi/P3UfLSJbd3MjyuM=",
        "owner": "tarsius",
        "repo": "llama",
        "rev": "4d4024048053b898a01521046e0f063ee47615b0",
        "type": "github"
      },
      "original": {
        "owner": "tarsius",
        "repo": "llama",
        "type": "github"
      }
    },
    "magit": {
      "flake": false,
      "locked": {
        "lastModified": 1780635359,
        "narHash": "sha256-+107g46DOdSQ7frXmEaawT/RlLJUKYHn7PlgSLPGiPI=",
        "owner": "magit",
        "repo": "magit",
        "rev": "ee1175c1417eaaffe98953d70746fb113f077c1b",
        "type": "github"
      },
      "original": {
        "owner": "magit",
        "repo": "magit",
        "type": "github"
      }
    },
    "magit-section": {
      "flake": false,
      "locked": {
        "lastModified": 1780635359,
        "narHash": "sha256-+107g46DOdSQ7frXmEaawT/RlLJUKYHn7PlgSLPGiPI=",
        "owner": "magit",
        "repo": "magit",
        "rev": "ee1175c1417eaaffe98953d70746fb113f077c1b",
        "type": "github"
      },
      "original": {
        "owner": "magit",
        "repo": "magit",
        "type": "github"
      }
    },
    "mistty": {
      "flake": false,
      "locked": {
        "lastModified": 1770302994,
        "narHash": "sha256-oa8YQyjbJCqDDQo/xQXv7Nc4zbO7mMoyDlm1KFW0POI=",
        "owner": "szermatt",
        "repo": "mistty",
        "rev": "1752970d1d303fae173527fbcdb3458e865197bb",
        "type": "github"
      },
      "original": {
        "owner": "szermatt",
        "repo": "mistty",
        "type": "github"
      }
    },
    "nix-ts-mode": {
      "flake": false,
      "locked": {
        "lastModified": 1781872940,
        "narHash": "sha256-PYdoda/lrxpyN3YCM7KejTNha68iiP4a96dOa79NtnY=",
        "owner": "nix-community",
        "repo": "nix-ts-mode",
        "rev": "f256c9237d23c30322b7dbe22042e2f906a70fe6",
        "type": "github"
      },
      "original": {
        "owner": "nix-community",
        "repo": "nix-ts-mode",
        "type": "github"
      }
    },
    "org": {
      "flake": false,
      "locked": {
        "lastModified": 1780148101,
        "narHash": "sha256-WJDHDWEO4S4znQgdJf7Y0//d/eYIEg7oX5uS+qtp4+I=",
        "ref": "bugfix",
        "rev": "0d02d72627428dddf21ec66b1eb87e46c2849ded",
        "revCount": 28646,
        "type": "git",
        "url": "https://git.savannah.gnu.org/git/emacs/org-mode.git"
      },
      "original": {
        "ref": "bugfix",
        "type": "git",
        "url": "https://git.savannah.gnu.org/git/emacs/org-mode.git"
      }
    },
    "ppp": {
      "flake": false,
      "locked": {
        "lastModified": 1778254267,
        "narHash": "sha256-8SBFuOkLYRuvPRuVtdoE70FLBHZITI6vx0PSDb3vImo=",
        "owner": "conao3",
        "repo": "ppp.el",
        "rev": "404b987482f218a483831b95499548ff2550a71e",
        "type": "github"
      },
      "original": {
        "owner": "conao3",
        "repo": "ppp.el",
        "type": "github"
      }
    },
    "root": {
      "inputs": {
        "age": "age",
        "ccc": "ccc",
        "cdb": "cdb",
        "compat": "compat",
        "cond-let": "cond-let",
        "copilot": "copilot",
        "ddskk": "ddskk",
        "envrc": "envrc",
        "inheritenv": "inheritenv",
        "llama": "llama",
        "magit": "magit",
        "magit-section": "magit-section",
        "mistty": "mistty",
        "nix-ts-mode": "nix-ts-mode",
        "org": "org",
        "ppp": "ppp",
        "setup": "setup",
        "term-title": "term-title",
        "transient": "transient",
        "twist": "twist",
        "with-editor": "with-editor"
      }
    },
    "setup": {
      "flake": false,
      "locked": {
        "lastModified": 1761595148,
        "narHash": "sha256-lLeKsLFf1+Bjk6ETq+0Nncw6DPOVxE49cAexdLAr/5U=",
        "ref": "refs/heads/master",
        "rev": "de9b86c6f29cf9888e911924ffc4ce47312320c3",
        "revCount": 224,
        "type": "git",
        "url": "https://codeberg.org/pkal/setup.el"
      },
      "original": {
        "type": "git",
        "url": "https://codeberg.org/pkal/setup.el"
      }
    },
    "term-title": {
      "flake": false,
      "locked": {
        "lastModified": 1641341204,
        "narHash": "sha256-RS3zhlYyK9hh6WtEoLDLAKINriFGzA9V2s+zFuL8o0E=",
        "owner": "CyberShadow",
        "repo": "term-title",
        "rev": "0a891957d4a6e2afc4176b555fc790d4c5bacd05",
        "type": "github"
      },
      "original": {
        "owner": "CyberShadow",
        "repo": "term-title",
        "type": "github"
      }
    },
    "transient": {
      "flake": false,
      "locked": {
        "lastModified": 1780327773,
        "narHash": "sha256-zL91ndL+L5kCDHtau1bviulMy+z2PusFBpUfLTtk7iQ=",
        "owner": "magit",
        "repo": "transient",
        "rev": "1856230dc181f23dd15026b0ad21d8b299b034d1",
        "type": "github"
      },
      "original": {
        "owner": "magit",
        "repo": "transient",
        "type": "github"
      }
    },
    "twist": {
      "flake": false,
      "locked": {
        "lastModified": 1700878793,
        "narHash": "sha256-R4wXVq9lb8WuTDdXjtaFiptJgBhKjoiJzUNXtZwkvto=",
        "owner": "emacs-twist",
        "repo": "twist.el",
        "rev": "cc49891252ae060656bb859ca5bc49a5dcb47b40",
        "type": "github"
      },
      "original": {
        "owner": "emacs-twist",
        "repo": "twist.el",
        "type": "github"
      }
    },
    "with-editor": {
      "flake": false,
      "locked": {
        "lastModified": 1780327589,
        "narHash": "sha256-QCuTIq1cZrnQCu3ryfdDK7CgEgev4DBb39eW9eaxtTM=",
        "owner": "magit",
        "repo": "with-editor",
        "rev": "cdf2ac2314042243fae385bb8c2821ec9c3888ae",
        "type": "github"
      },
      "original": {
        "owner": "magit",
        "repo": "with-editor",
        "type": "github"
      }
    }
  },
  "root": "root",
  "version": 7
}
